{
  "version": 4,
  "terraform_version": "1.1.5",
  "serial": 109,
  "lineage": "7d428399-7edb-0fbe-2f58-6d5c51a8e203",
  "outputs": {
    "tls_private_key": {
      "value": "-----BEGIN RSA PRIVATE KEY-----\nMIIJKQIBAAKCAgEAtpoq96Lc+ArcdCaCPPK4mSgUz3+VKHnf3F2NjRBjAt523lGT\nXdsRRlvjLujkJjtL6aZfCBxrwfLxBepfPcMG41JqdkSeR4TgoAwahYtwujqT4X2K\nQg5Fh+r/9Ut6XEzMcCCFOue3oPvbMiXyNImTwO8ta4ceew/N3PN1Vols2vqeUHAT\nQYYFv3PPvbUHNwh24nuJ6PQ5Ic9isD2GdFPLdesPk/MXC3QRHIe4RxlK9ZoKGtrY\nA0gtH3qVrSkD1wlswjVvw/Qmg3CFa7HTpGe/Hp/tAD6KtBCiltmIW9hJwyxluZaS\nuZhej5C+VYWmllC+Myjvm4Yk+vqLaTsr9AyxYHPLGtrfMEIu/MWZ+c/AiEF7ps0L\n8BYmyEjZMJZLqi+fPGzXihwaqPuBHpNFVTZy7rBcN2YZvO+JcL5+VBhi+sGm1nea\nxfxT4TbhZSNydbomLVGHExB5Am6NK8+SjZXLTQmFAHrzWbQHp8mTBj9zu4e52PBa\nQwjTwmkXIlS941z1fXwsFW73gdcspcoFokF9FZ/hb/SyecnbT+QQbS1HLAYX/Fz2\nCeYr3I2ErS4Zw1ECrS/lsdn6xnGv6ZTg9fBcI6KxmcyrYqKwCdxin1iFUvMGmi9l\nAeya5hcDk1UKNWgAo65dHK6t57tMxCbTQOUcYZ+5JxQKkE3Nyc+zBFAFtnMCAwEA\nAQKCAgEAr8gPjt5AW6OQ/1tGysdZv05fYjTOcO2J/AgvSNm6hruDsJbVB2fo5FN2\niuT1JHy2olFfcF5zuXxWW7x4POtuyQzAoeOCfxTCbC/apC5MsWnMjCifHOHCO4qV\nJhynyQzBTTtxJfiExDtPkqIG3F6IVxWoIrgrNopLQeU4UrruiIr0Njj9wHj1NY2W\nMWiAbpD+aR5F73STPyH2PfSsZ3V3CqfjEijUSVlNU6qvUfpeN7o2+g0sH1Su43vN\ndKlkIfDXuslYM0nofWWnernwJHce+6s2qqKKQbc13YPBibDXqUQnFRaHXpT4irnr\nEEcdy9wkjPleV9g150mjRQUKVeCWKsRTLv/3cneii4sVMZKb2i7wS67tmR92+KFr\nPXOFeLKb5S9gkFrBnAL5zFOogRW5nMnXb/s5gd6w2QYTRt8dAi+ixJzRjMS89IXu\noQKqXRsdkiEI5KFnhG9G41leNHC4EqUJO/WlZEGKF3OxtP9dcTJqfRgf6/e2UGfy\ndj1oFEhRcn7mEDnsyjyxThGwraz+ufWYg3OeWuPFrVfmwcCVRHHFK6AmTGG6QDsZ\n0i+YADOYmwnpVqV0oy1nkv0Yymnnb7yGZoVNzrDFymEYRhKzkkwTn3x2tqwxTxTy\n40E/drLTx0zzWuJH7dKlVXSYgFtEUfnnS2ffMEbVfczH7sWMFqECggEBANP6E/xY\n6RIckCwSPtoSRstMwPihlRbdWhGDTa324XQjQkNDftaQZP7hZaPeDLIhhveDpBa/\nWTnFRqrBVUH4inEZiHzrNvaioy1+riGRlo7JwbcwCPUdHH8TW81iq7SLYXGhTknk\nACT5HMcRglKacvemuUq8C328w+j4wiDAKZLslApNXG92qBjaURaaqR/yQDVuJe33\nRAZM9WVJJxrLRtDqsa+8pXVG7UErmZzYbHyF39wDNNRRbvtniXSVv6DurpvlsYbd\nQwfCxxBC83ElBlQjaJ1KZU47eU7mP+l2LnTvZm7l2D1vmWUS9+FB6r9NhXNEExjY\n/2YM8SFDksLlDFECggEBANyGXNxU3nkQGjqNIOdRjIXfYzORmyAz9/m7Kh00QI26\nAUQ13EcFdckK3cccTyBDUpl9o0AOshbCkiFreKI5sQ/MZc/ogL3nUawwv3NJhr+0\ntk3FHZ2JDbfzwwwJewD5qKCu30YaIbdZVORu51T3DIRCgQbRSqcdmYWlVxX5fZ5/\nA4TAp3XhWf6+lKe8kbVKtYVBBX19kxurA1L3ZFysAhIGr0BA3EuA5iNxBBwWL4xq\nE7UZV8wMW0Wo2vGV+GHJFTLa6J5ouWAtNeoYgkVz5OwGm4Owon2YIH+zLI3ww25l\nnq4Molgt6pIGO0SbMF7yWSXPQ7pr1sN6VhGxejA0mYMCggEAdYcB7beeAdy0UrsK\n/f2EItO7ah6serDfbzZNq1ZmSe4Cnyic+nm0hVyS7ff/MgREwJbMM5CD9/PY6nOm\nwZz7pRlzA0+mebhSoLbL9PCzeReDv/1x+fTaB9rD22wJp2Bf9pBox68SJW249uZO\nS142v/hAY58+/8fZFyJU/7OLWVqx+cRKq8IuERl6O/4kJwI5d2ZKwVWG8bdZl36n\nn8N00ABP5A/D7PIWOTvjP4L/I0tWgrWEZPOBhQIyw+EDDkdHqEgB1bR3paXomKuG\nLgVJLP0004CcCnQPHh+q79YGi+7v7CyjZ+yoL9IEfW/+p3JjuzTTIcOuVvZ1+uts\nQ4KbAQKCAQEA1mhQyuw9LcmpJrpmfmE8VkDea5orEAFXHViLVr+h7+okJxSS6f52\nCZTmEhwFFqI+IfwUiEiBgD2G5LVgIaIj8+9QIfe1jG3ma5st2UJon+VsxmpbI/rH\n+s0nG4HwNP+Ho0rCzJ7Fn0Vck4j8pBBa/BDI8D727UqLJHSgGj5rk3l8i0rgxmzn\nGhZj5D4kEPblS/zvAJbiO6lm3vinfK7EiJA1PiyRw1s85sKQM1qiuku8g3xzb3Go\nIC9PSEn+p9xhHwPV3YaGjesHG2be6fYHYi/+beiD48bP+jjTneGzsZdd0213PnLO\nOVGTuF2Ghxnr8SX2fL8ynPZJzoQW/910TwKCAQBCZAYYH/o+XAyiBmOXfgoEGP43\nwPliP9V3MV61AnezMqZlMYtK1l+wM/vFxtg57ILyDNtoftZsCn4hC5gi6K7GA3+u\n+tVhBLXK1+xcHfAWurxU2WKFELFq3WO7nMuRKAaVsSwmHY8xe69uEe361wFK+21X\nfhLkBb/cWf8rR5oAoxQzRRF8wv9uSydkbuJpmExeyK+D8AFxQuLJXb4gpQXFzGNY\n6/xW0NYq2K5skrAvsGWPEQRHqs+BHZsRvjuj7BCvYbOLUzy2I3CBEU85yxI3JRX0\nW92wDPT9xK1Bvemqoi6rwJPADndTKxGKKjVaMej6kgljm5xAA+Tt+G1WZn4q\n-----END RSA PRIVATE KEY-----\n",
      "type": "string",
      "sensitive": true
    }
  },
  "resources": [
    {
      "mode": "managed",
      "type": "azurerm_linux_virtual_machine",
      "name": "DevOpsvm",
      "provider": "provider[\"registry.terraform.io/hashicorp/azurerm\"]",
      "instances": [
        {
          "schema_version": 0,
          "attributes": {
            "additional_capabilities": [],
            "admin_password": null,
            "admin_ssh_key": [
              {
                "public_key": "ssh-rsa AAAAB3NzaC1yc2EAAAADAQABAAACAQC2mir3otz4Ctx0JoI88riZKBTPf5Uoed/cXY2NEGMC3nbeUZNd2xFGW+Mu6OQmO0vppl8IHGvB8vEF6l89wwbjUmp2RJ5HhOCgDBqFi3C6OpPhfYpCDkWH6v/1S3pcTMxwIIU657eg+9syJfI0iZPA7y1rhx57D83c83VWiWza+p5QcBNBhgW/c8+9tQc3CHbie4no9Dkhz2KwPYZ0U8t16w+T8xcLdBEch7hHGUr1mgoa2tgDSC0fepWtKQPXCWzCNW/D9CaDcIVrsdOkZ78en+0APoq0EKKW2Yhb2EnDLGW5lpK5mF6PkL5VhaaWUL4zKO+bhiT6+otpOyv0DLFgc8sa2t8wQi78xZn5z8CIQXumzQvwFibISNkwlkuqL588bNeKHBqo+4Eek0VVNnLusFw3Zhm874lwvn5UGGL6wabWd5rF/FPhNuFlI3J1uiYtUYcTEHkCbo0rz5KNlctNCYUAevNZtAenyZMGP3O7h7nY8FpDCNPCaRciVL3jXPV9fCwVbveB1yylygWiQX0Vn+Fv9LJ5ydtP5BBtLUcsBhf8XPYJ5ivcjYStLhnDUQKtL+Wx2frGca/plOD18FwjorGZzKtiorAJ3GKfWIVS8waaL2UB7JrmFwOTVQo1aACjrl0crq3nu0zEJtNA5Rxhn7knFAqQTc3Jz7MEUAW2cw==\n",
                "username": "azureuser"
              }
            ],
            "admin_username": "azureuser",
            "allow_extension_operations": true,
            "availability_set_id": "",
            "boot_diagnostics": [
              {
                "storage_account_uri": "https://diag6006b5d9bf3e730d.blob.core.windows.net/"
              }
            ],
            "computer_name": "VùPjt",
            "custom_data": null,
            "dedicated_host_group_id": "",
            "dedicated_host_id": "",
            "disable_password_authentication": true,
            "encryption_at_host_enabled": false,
            "eviction_policy": "",
            "extensions_time_budget": "PT1H30M",
            "id": "/subscriptions/5f1b754b-016a-47c6-bb21-522f85465914/resourceGroups/RessourcesDevOps/providers/Microsoft.Compute/virtualMachines/VmPjt",
            "identity": [],
            "license_type": "",
            "location": "francecentral",
            "max_bid_price": -1,
            "name": "VmPjt",
            "network_interface_ids": [
              "/subscriptions/5f1b754b-016a-47c6-bb21-522f85465914/resourceGroups/RessourcesDevOps/providers/Microsoft.Network/networkInterfaces/myNIC"
            ],
            "os_disk": [
              {
                "caching": "ReadWrite",
                "diff_disk_settings": [],
                "disk_encryption_set_id": "",
                "disk_size_gb": 30,
                "name": "myOsDisk",
                "storage_account_type": "Premium_LRS",
                "write_accelerator_enabled": false
              }
            ],
            "patch_mode": "ImageDefault",
            "plan": [],
            "platform_fault_domain": -1,
            "priority": "Regular",
            "private_ip_address": "10.0.1.4",
            "private_ip_addresses": [
              "10.0.1.4"
            ],
            "provision_vm_agent": true,
            "proximity_placement_group_id": "",
            "public_ip_address": "20.111.47.72",
            "public_ip_addresses": [
              "20.111.47.72"
            ],
            "resource_group_name": "RessourcesDevOps",
            "secret": [],
            "secure_boot_enabled": false,
            "size": "Standard_DS1_v2",
            "source_image_id": "",
            "source_image_reference": [
              {
                "offer": "UbuntuServer",
                "publisher": "Canonical",
                "sku": "18.04-LTS",
                "version": "latest"
              }
            ],
            "tags": {
              "environment": "pjtDevOps"
            },
            "timeouts": null,
            "user_data": "",
            "virtual_machine_id": "e9b83b0f-44b8-49f7-b1c6-2da5e630a251",
            "virtual_machine_scale_set_id": "",
            "vtpm_enabled": false,
            "zone": ""
          },
          "sensitive_attributes": [],
          "private": "eyJlMmJmYjczMC1lY2FhLTExZTYtOGY4OC0zNDM2M2JjN2M0YzAiOnsiY3JlYXRlIjoyNzAwMDAwMDAwMDAwLCJkZWxldGUiOjI3MDAwMDAwMDAwMDAsInJlYWQiOjMwMDAwMDAwMDAwMCwidXBkYXRlIjoyNzAwMDAwMDAwMDAwfX0=",
          "dependencies": [
            "azurerm_network_interface.DevOpsnic",
            "azurerm_public_ip.DevOpspublicip",
            "azurerm_resource_group.DevOpsgroup",
            "azurerm_storage_account.mystorageaccount",
            "azurerm_subnet.DevOpssubnet",
            "azurerm_virtual_network.DevOpsnetwork",
            "random_id.randomId",
            "tls_private_key.example_ssh"
          ]
        }
      ]
    },
    {
      "mode": "managed",
      "type": "azurerm_network_interface",
      "name": "DevOpsnic",
      "provider": "provider[\"registry.terraform.io/hashicorp/azurerm\"]",
      "instances": [
        {
          "schema_version": 0,
          "attributes": {
            "applied_dns_servers": [],
            "dns_servers": [],
            "enable_accelerated_networking": false,
            "enable_ip_forwarding": false,
            "id": "/subscriptions/5f1b754b-016a-47c6-bb21-522f85465914/resourceGroups/RessourcesDevOps/providers/Microsoft.Network/networkInterfaces/myNIC",
            "internal_dns_name_label": "",
            "internal_domain_name_suffix": "zaatckgdsypu3o1f2f5aovwwee.parx.internal.cloudapp.net",
            "ip_configuration": [
              {
                "gateway_load_balancer_frontend_ip_configuration_id": "",
                "name": "myNicConfiguration",
                "primary": true,
                "private_ip_address": "10.0.1.4",
                "private_ip_address_allocation": "Dynamic",
                "private_ip_address_version": "IPv4",
                "public_ip_address_id": "/subscriptions/5f1b754b-016a-47c6-bb21-522f85465914/resourceGroups/RessourcesDevOps/providers/Microsoft.Network/publicIPAddresses/myPublicIP",
                "subnet_id": "/subscriptions/5f1b754b-016a-47c6-bb21-522f85465914/resourceGroups/RessourcesDevOps/providers/Microsoft.Network/virtualNetworks/DevOpsnet/subnets/DevOpsSubnet"
              }
            ],
            "location": "francecentral",
            "mac_address": "",
            "name": "myNIC",
            "private_ip_address": "10.0.1.4",
            "private_ip_addresses": [
              "10.0.1.4"
            ],
            "resource_group_name": "RessourcesDevOps",
            "tags": {
              "environment": "pjtDevOps"
            },
            "timeouts": null,
            "virtual_machine_id": ""
          },
          "sensitive_attributes": [],
          "private": "eyJlMmJmYjczMC1lY2FhLTExZTYtOGY4OC0zNDM2M2JjN2M0YzAiOnsiY3JlYXRlIjoxODAwMDAwMDAwMDAwLCJkZWxldGUiOjE4MDAwMDAwMDAwMDAsInJlYWQiOjMwMDAwMDAwMDAwMCwidXBkYXRlIjoxODAwMDAwMDAwMDAwfX0=",
          "dependencies": [
            "azurerm_public_ip.DevOpspublicip",
            "azurerm_resource_group.DevOpsgroup",
            "azurerm_subnet.DevOpssubnet",
            "azurerm_virtual_network.DevOpsnetwork"
          ]
        }
      ]
    },
    {
      "mode": "managed",
      "type": "azurerm_network_interface_security_group_association",
      "name": "example",
      "provider": "provider[\"registry.terraform.io/hashicorp/azurerm\"]",
      "instances": [
        {
          "schema_version": 0,
          "attributes": {
            "id": "/subscriptions/5f1b754b-016a-47c6-bb21-522f85465914/resourceGroups/RessourcesDevOps/providers/Microsoft.Network/networkInterfaces/myNIC|/subscriptions/5f1b754b-016a-47c6-bb21-522f85465914/resourceGroups/RessourcesDevOps/providers/Microsoft.Network/networkSecurityGroups/SecurityGroupPjtDevops",
            "network_interface_id": "/subscriptions/5f1b754b-016a-47c6-bb21-522f85465914/resourceGroups/RessourcesDevOps/providers/Microsoft.Network/networkInterfaces/myNIC",
            "network_security_group_id": "/subscriptions/5f1b754b-016a-47c6-bb21-522f85465914/resourceGroups/RessourcesDevOps/providers/Microsoft.Network/networkSecurityGroups/SecurityGroupPjtDevops",
            "timeouts": null
          },
          "sensitive_attributes": [],
          "private": "eyJlMmJmYjczMC1lY2FhLTExZTYtOGY4OC0zNDM2M2JjN2M0YzAiOnsiY3JlYXRlIjoxODAwMDAwMDAwMDAwLCJkZWxldGUiOjE4MDAwMDAwMDAwMDAsInJlYWQiOjMwMDAwMDAwMDAwMCwidXBkYXRlIjoxODAwMDAwMDAwMDAwfX0=",
          "dependencies": [
            "azurerm_network_interface.DevOpsnic",
            "azurerm_network_security_group.DevOpsnsg",
            "azurerm_public_ip.DevOpspublicip",
            "azurerm_resource_group.DevOpsgroup",
            "azurerm_subnet.DevOpssubnet",
            "azurerm_virtual_network.DevOpsnetwork"
          ]
        }
      ]
    },
    {
      "mode": "managed",
      "type": "azurerm_network_security_group",
      "name": "DevOpsnsg",
      "provider": "provider[\"registry.terraform.io/hashicorp/azurerm\"]",
      "instances": [
        {
          "schema_version": 0,
          "attributes": {
            "id": "/subscriptions/5f1b754b-016a-47c6-bb21-522f85465914/resourceGroups/RessourcesDevOps/providers/Microsoft.Network/networkSecurityGroups/SecurityGroupPjtDevops",
            "location": "francecentral",
            "name": "SecurityGroupPjtDevops",
            "resource_group_name": "RessourcesDevOps",
            "security_rule": [
              {
                "access": "Allow",
                "description": "",
                "destination_address_prefix": "*",
                "destination_address_prefixes": [],
                "destination_application_security_group_ids": [],
                "destination_port_range": "22",
                "destination_port_ranges": [],
                "direction": "Inbound",
                "name": "SSH",
                "priority": 1001,
                "protocol": "Tcp",
                "source_address_prefix": "*",
                "source_address_prefixes": [],
                "source_application_security_group_ids": [],
                "source_port_range": "*",
                "source_port_ranges": []
              },
              {
                "access": "Allow",
                "description": "",
                "destination_address_prefix": "*",
                "destination_address_prefixes": [],
                "destination_application_security_group_ids": [],
                "destination_port_range": "80",
                "destination_port_ranges": [],
                "direction": "Inbound",
                "name": "TCP",
                "priority": 1002,
                "protocol": "Tcp",
                "source_address_prefix": "*",
                "source_address_prefixes": [],
                "source_application_security_group_ids": [],
                "source_port_range": "*",
                "source_port_ranges": []
              }
            ],
            "tags": {
              "environment": "pjtDevOps"
            },
            "timeouts": null
          },
          "sensitive_attributes": [],
          "private": "eyJlMmJmYjczMC1lY2FhLTExZTYtOGY4OC0zNDM2M2JjN2M0YzAiOnsiY3JlYXRlIjoxODAwMDAwMDAwMDAwLCJkZWxldGUiOjE4MDAwMDAwMDAwMDAsInJlYWQiOjMwMDAwMDAwMDAwMCwidXBkYXRlIjoxODAwMDAwMDAwMDAwfX0=",
          "dependencies": [
            "azurerm_resource_group.DevOpsgroup"
          ]
        }
      ]
    },
    {
      "mode": "managed",
      "type": "azurerm_public_ip",
      "name": "DevOpspublicip",
      "provider": "provider[\"registry.terraform.io/hashicorp/azurerm\"]",
      "instances": [
        {
          "schema_version": 0,
          "attributes": {
            "allocation_method": "Dynamic",
            "availability_zone": "No-Zone",
            "domain_name_label": null,
            "fqdn": null,
            "id": "/subscriptions/5f1b754b-016a-47c6-bb21-522f85465914/resourceGroups/RessourcesDevOps/providers/Microsoft.Network/publicIPAddresses/myPublicIP",
            "idle_timeout_in_minutes": 4,
            "ip_address": "",
            "ip_tags": null,
            "ip_version": "IPv4",
            "location": "francecentral",
            "name": "myPublicIP",
            "public_ip_prefix_id": null,
            "resource_group_name": "RessourcesDevOps",
            "reverse_fqdn": null,
            "sku": "Basic",
            "sku_tier": "Regional",
            "tags": {
              "environment": "pjtDevOps"
            },
            "timeouts": null,
            "zones": []
          },
          "sensitive_attributes": [],
          "private": "eyJlMmJmYjczMC1lY2FhLTExZTYtOGY4OC0zNDM2M2JjN2M0YzAiOnsiY3JlYXRlIjoxODAwMDAwMDAwMDAwLCJkZWxldGUiOjE4MDAwMDAwMDAwMDAsInJlYWQiOjMwMDAwMDAwMDAwMCwidXBkYXRlIjoxODAwMDAwMDAwMDAwfX0=",
          "dependencies": [
            "azurerm_resource_group.DevOpsgroup"
          ]
        }
      ]
    },
    {
      "mode": "managed",
      "type": "azurerm_resource_group",
      "name": "DevOpsgroup",
      "provider": "provider[\"registry.terraform.io/hashicorp/azurerm\"]",
      "instances": [
        {
          "schema_version": 0,
          "attributes": {
            "id": "/subscriptions/5f1b754b-016a-47c6-bb21-522f85465914/resourceGroups/RessourcesDevOps",
            "location": "francecentral",
            "name": "RessourcesDevOps",
            "tags": {
              "environment": "pjtDevOps"
            },
            "timeouts": null
          },
          "sensitive_attributes": [],
          "private": "eyJlMmJmYjczMC1lY2FhLTExZTYtOGY4OC0zNDM2M2JjN2M0YzAiOnsiY3JlYXRlIjo1NDAwMDAwMDAwMDAwLCJkZWxldGUiOjU0MDAwMDAwMDAwMDAsInJlYWQiOjMwMDAwMDAwMDAwMCwidXBkYXRlIjo1NDAwMDAwMDAwMDAwfX0="
        }
      ]
    },
    {
      "mode": "managed",
      "type": "azurerm_storage_account",
      "name": "mystorageaccount",
      "provider": "provider[\"registry.terraform.io/hashicorp/azurerm\"]",
      "instances": [
        {
          "schema_version": 2,
          "attributes": {
            "access_tier": "Hot",
            "account_kind": "StorageV2",
            "account_replication_type": "LRS",
            "account_tier": "Standard",
            "allow_blob_public_access": false,
            "azure_files_authentication": [],
            "blob_properties": [
              {
                "change_feed_enabled": false,
                "container_delete_retention_policy": [],
                "cors_rule": [],
                "default_service_version": "",
                "delete_retention_policy": [],
                "last_access_time_enabled": false,
                "versioning_enabled": false
              }
            ],
            "custom_domain": [],
            "enable_https_traffic_only": true,
            "id": "/subscriptions/5f1b754b-016a-47c6-bb21-522f85465914/resourceGroups/RessourcesDevOps/providers/Microsoft.Storage/storageAccounts/diag6006b5d9bf3e730d",
            "identity": [],
            "infrastructure_encryption_enabled": false,
            "is_hns_enabled": false,
            "large_file_share_enabled": null,
            "location": "francecentral",
            "min_tls_version": "TLS1_0",
            "name": "diag6006b5d9bf3e730d",
            "network_rules": [
              {
                "bypass": [
                  "AzureServices"
                ],
                "default_action": "Allow",
                "ip_rules": [],
                "private_link_access": [],
                "virtual_network_subnet_ids": []
              }
            ],
            "nfsv3_enabled": false,
            "primary_access_key": "IjiFDcD1Uaezv6sQ0Ohbc4KPAAbdCnEA64uoRCcOWnlYhX3fQMCwGgDvTMvbMYQbjJ/jWVrXQgxk+AStu/hHzQ==",
            "primary_blob_connection_string": "DefaultEndpointsProtocol=https;BlobEndpoint=https://diag6006b5d9bf3e730d.blob.core.windows.net/;AccountName=diag6006b5d9bf3e730d;AccountKey=IjiFDcD1Uaezv6sQ0Ohbc4KPAAbdCnEA64uoRCcOWnlYhX3fQMCwGgDvTMvbMYQbjJ/jWVrXQgxk+AStu/hHzQ==",
            "primary_blob_endpoint": "https://diag6006b5d9bf3e730d.blob.core.windows.net/",
            "primary_blob_host": "diag6006b5d9bf3e730d.blob.core.windows.net",
            "primary_connection_string": "DefaultEndpointsProtocol=https;AccountName=diag6006b5d9bf3e730d;AccountKey=IjiFDcD1Uaezv6sQ0Ohbc4KPAAbdCnEA64uoRCcOWnlYhX3fQMCwGgDvTMvbMYQbjJ/jWVrXQgxk+AStu/hHzQ==;EndpointSuffix=core.windows.net",
            "primary_dfs_endpoint": "https://diag6006b5d9bf3e730d.dfs.core.windows.net/",
            "primary_dfs_host": "diag6006b5d9bf3e730d.dfs.core.windows.net",
            "primary_file_endpoint": "https://diag6006b5d9bf3e730d.file.core.windows.net/",
            "primary_file_host": "diag6006b5d9bf3e730d.file.core.windows.net",
            "primary_location": "francecentral",
            "primary_queue_endpoint": "https://diag6006b5d9bf3e730d.queue.core.windows.net/",
            "primary_queue_host": "diag6006b5d9bf3e730d.queue.core.windows.net",
            "primary_table_endpoint": "https://diag6006b5d9bf3e730d.table.core.windows.net/",
            "primary_table_host": "diag6006b5d9bf3e730d.table.core.windows.net",
            "primary_web_endpoint": "https://diag6006b5d9bf3e730d.z28.web.core.windows.net/",
            "primary_web_host": "diag6006b5d9bf3e730d.z28.web.core.windows.net",
            "queue_encryption_key_type": "Service",
            "queue_properties": [
              {
                "cors_rule": [],
                "hour_metrics": [
                  {
                    "enabled": true,
                    "include_apis": true,
                    "retention_policy_days": 7,
                    "version": "1.0"
                  }
                ],
                "logging": [
                  {
                    "delete": false,
                    "read": false,
                    "retention_policy_days": 0,
                    "version": "1.0",
                    "write": false
                  }
                ],
                "minute_metrics": [
                  {
                    "enabled": false,
                    "include_apis": false,
                    "retention_policy_days": 0,
                    "version": "1.0"
                  }
                ]
              }
            ],
            "resource_group_name": "RessourcesDevOps",
            "routing": [],
            "secondary_access_key": "c2hW2L54iHtkrPXTiEWGBL3dtWYn1EEPhwcU1fe4M488BTboQfeW31i2uvmSdxfvEJ4CM+wPKEgM+AStupgEpA==",
            "secondary_blob_connection_string": "",
            "secondary_blob_endpoint": null,
            "secondary_blob_host": null,
            "secondary_connection_string": "DefaultEndpointsProtocol=https;AccountName=diag6006b5d9bf3e730d;AccountKey=c2hW2L54iHtkrPXTiEWGBL3dtWYn1EEPhwcU1fe4M488BTboQfeW31i2uvmSdxfvEJ4CM+wPKEgM+AStupgEpA==;EndpointSuffix=core.windows.net",
            "secondary_dfs_endpoint": null,
            "secondary_dfs_host": null,
            "secondary_file_endpoint": null,
            "secondary_file_host": null,
            "secondary_location": "",
            "secondary_queue_endpoint": null,
            "secondary_queue_host": null,
            "secondary_table_endpoint": null,
            "secondary_table_host": null,
            "secondary_web_endpoint": null,
            "secondary_web_host": null,
            "share_properties": [
              {
                "cors_rule": [],
                "retention_policy": [
                  {
                    "days": 7
                  }
                ],
                "smb": []
              }
            ],
            "shared_access_key_enabled": true,
            "static_website": [],
            "table_encryption_key_type": "Service",
            "tags": {
              "environment": "pjtDevOps"
            },
            "timeouts": null
          },
          "sensitive_attributes": [],
          "private": "eyJlMmJmYjczMC1lY2FhLTExZTYtOGY4OC0zNDM2M2JjN2M0YzAiOnsiY3JlYXRlIjozNjAwMDAwMDAwMDAwLCJkZWxldGUiOjM2MDAwMDAwMDAwMDAsInJlYWQiOjMwMDAwMDAwMDAwMCwidXBkYXRlIjozNjAwMDAwMDAwMDAwfSwic2NoZW1hX3ZlcnNpb24iOiIyIn0=",
          "dependencies": [
            "azurerm_resource_group.DevOpsgroup",
            "random_id.randomId"
          ]
        }
      ]
    },
    {
      "mode": "managed",
      "type": "azurerm_subnet",
      "name": "DevOpssubnet",
      "provider": "provider[\"registry.terraform.io/hashicorp/azurerm\"]",
      "instances": [
        {
          "schema_version": 0,
          "attributes": {
            "address_prefix": "10.0.1.0/24",
            "address_prefixes": [
              "10.0.1.0/24"
            ],
            "delegation": [],
            "enforce_private_link_endpoint_network_policies": false,
            "enforce_private_link_service_network_policies": false,
            "id": "/subscriptions/5f1b754b-016a-47c6-bb21-522f85465914/resourceGroups/RessourcesDevOps/providers/Microsoft.Network/virtualNetworks/DevOpsnet/subnets/DevOpsSubnet",
            "name": "DevOpsSubnet",
            "resource_group_name": "RessourcesDevOps",
            "service_endpoint_policy_ids": null,
            "service_endpoints": null,
            "timeouts": null,
            "virtual_network_name": "DevOpsnet"
          },
          "sensitive_attributes": [],
          "private": "eyJlMmJmYjczMC1lY2FhLTExZTYtOGY4OC0zNDM2M2JjN2M0YzAiOnsiY3JlYXRlIjoxODAwMDAwMDAwMDAwLCJkZWxldGUiOjE4MDAwMDAwMDAwMDAsInJlYWQiOjMwMDAwMDAwMDAwMCwidXBkYXRlIjoxODAwMDAwMDAwMDAwfX0=",
          "dependencies": [
            "azurerm_resource_group.DevOpsgroup",
            "azurerm_virtual_network.DevOpsnetwork"
          ]
        }
      ]
    },
    {
      "mode": "managed",
      "type": "azurerm_virtual_network",
      "name": "DevOpsnetwork",
      "provider": "provider[\"registry.terraform.io/hashicorp/azurerm\"]",
      "instances": [
        {
          "schema_version": 0,
          "attributes": {
            "address_space": [
              "10.0.0.0/16"
            ],
            "bgp_community": "",
            "ddos_protection_plan": [],
            "dns_servers": [],
            "flow_timeout_in_minutes": 0,
            "guid": "283101c8-96c3-4e1f-bb65-e17e0756d624",
            "id": "/subscriptions/5f1b754b-016a-47c6-bb21-522f85465914/resourceGroups/RessourcesDevOps/providers/Microsoft.Network/virtualNetworks/DevOpsnet",
            "location": "francecentral",
            "name": "DevOpsnet",
            "resource_group_name": "RessourcesDevOps",
            "subnet": [],
            "tags": {
              "environment": "pjtDevOps"
            },
            "timeouts": null,
            "vm_protection_enabled": false
          },
          "sensitive_attributes": [],
          "private": "eyJlMmJmYjczMC1lY2FhLTExZTYtOGY4OC0zNDM2M2JjN2M0YzAiOnsiY3JlYXRlIjoxODAwMDAwMDAwMDAwLCJkZWxldGUiOjE4MDAwMDAwMDAwMDAsInJlYWQiOjMwMDAwMDAwMDAwMCwidXBkYXRlIjoxODAwMDAwMDAwMDAwfX0=",
          "dependencies": [
            "azurerm_resource_group.DevOpsgroup"
          ]
        }
      ]
    },
    {
      "mode": "managed",
      "type": "random_id",
      "name": "randomId",
      "provider": "provider[\"registry.terraform.io/hashicorp/random\"]",
      "instances": [
        {
          "schema_version": 0,
          "attributes": {
            "b64_std": "YAa12b8+cw0=",
            "b64_url": "YAa12b8-cw0",
            "byte_length": 8,
            "dec": "6919417824322417421",
            "hex": "6006b5d9bf3e730d",
            "id": "YAa12b8-cw0",
            "keepers": {
              "resource_group": "RessourcesDevOps"
            },
            "prefix": null
          },
          "sensitive_attributes": [],
          "private": "bnVsbA==",
          "dependencies": [
            "azurerm_resource_group.DevOpsgroup"
          ]
        }
      ]
    },
    {
      "mode": "managed",
      "type": "tls_private_key",
      "name": "example_ssh",
      "provider": "provider[\"registry.terraform.io/hashicorp/tls\"]",
      "instances": [
        {
          "schema_version": 0,
          "attributes": {
            "algorithm": "RSA",
            "ecdsa_curve": "P224",
            "id": "0635940ea6dcc29a5aadea32d1f5d6277c5adf0e",
            "private_key_pem": "-----BEGIN RSA PRIVATE KEY-----\nMIIJKQIBAAKCAgEAtpoq96Lc+ArcdCaCPPK4mSgUz3+VKHnf3F2NjRBjAt523lGT\nXdsRRlvjLujkJjtL6aZfCBxrwfLxBepfPcMG41JqdkSeR4TgoAwahYtwujqT4X2K\nQg5Fh+r/9Ut6XEzMcCCFOue3oPvbMiXyNImTwO8ta4ceew/N3PN1Vols2vqeUHAT\nQYYFv3PPvbUHNwh24nuJ6PQ5Ic9isD2GdFPLdesPk/MXC3QRHIe4RxlK9ZoKGtrY\nA0gtH3qVrSkD1wlswjVvw/Qmg3CFa7HTpGe/Hp/tAD6KtBCiltmIW9hJwyxluZaS\nuZhej5C+VYWmllC+Myjvm4Yk+vqLaTsr9AyxYHPLGtrfMEIu/MWZ+c/AiEF7ps0L\n8BYmyEjZMJZLqi+fPGzXihwaqPuBHpNFVTZy7rBcN2YZvO+JcL5+VBhi+sGm1nea\nxfxT4TbhZSNydbomLVGHExB5Am6NK8+SjZXLTQmFAHrzWbQHp8mTBj9zu4e52PBa\nQwjTwmkXIlS941z1fXwsFW73gdcspcoFokF9FZ/hb/SyecnbT+QQbS1HLAYX/Fz2\nCeYr3I2ErS4Zw1ECrS/lsdn6xnGv6ZTg9fBcI6KxmcyrYqKwCdxin1iFUvMGmi9l\nAeya5hcDk1UKNWgAo65dHK6t57tMxCbTQOUcYZ+5JxQKkE3Nyc+zBFAFtnMCAwEA\nAQKCAgEAr8gPjt5AW6OQ/1tGysdZv05fYjTOcO2J/AgvSNm6hruDsJbVB2fo5FN2\niuT1JHy2olFfcF5zuXxWW7x4POtuyQzAoeOCfxTCbC/apC5MsWnMjCifHOHCO4qV\nJhynyQzBTTtxJfiExDtPkqIG3F6IVxWoIrgrNopLQeU4UrruiIr0Njj9wHj1NY2W\nMWiAbpD+aR5F73STPyH2PfSsZ3V3CqfjEijUSVlNU6qvUfpeN7o2+g0sH1Su43vN\ndKlkIfDXuslYM0nofWWnernwJHce+6s2qqKKQbc13YPBibDXqUQnFRaHXpT4irnr\nEEcdy9wkjPleV9g150mjRQUKVeCWKsRTLv/3cneii4sVMZKb2i7wS67tmR92+KFr\nPXOFeLKb5S9gkFrBnAL5zFOogRW5nMnXb/s5gd6w2QYTRt8dAi+ixJzRjMS89IXu\noQKqXRsdkiEI5KFnhG9G41leNHC4EqUJO/WlZEGKF3OxtP9dcTJqfRgf6/e2UGfy\ndj1oFEhRcn7mEDnsyjyxThGwraz+ufWYg3OeWuPFrVfmwcCVRHHFK6AmTGG6QDsZ\n0i+YADOYmwnpVqV0oy1nkv0Yymnnb7yGZoVNzrDFymEYRhKzkkwTn3x2tqwxTxTy\n40E/drLTx0zzWuJH7dKlVXSYgFtEUfnnS2ffMEbVfczH7sWMFqECggEBANP6E/xY\n6RIckCwSPtoSRstMwPihlRbdWhGDTa324XQjQkNDftaQZP7hZaPeDLIhhveDpBa/\nWTnFRqrBVUH4inEZiHzrNvaioy1+riGRlo7JwbcwCPUdHH8TW81iq7SLYXGhTknk\nACT5HMcRglKacvemuUq8C328w+j4wiDAKZLslApNXG92qBjaURaaqR/yQDVuJe33\nRAZM9WVJJxrLRtDqsa+8pXVG7UErmZzYbHyF39wDNNRRbvtniXSVv6DurpvlsYbd\nQwfCxxBC83ElBlQjaJ1KZU47eU7mP+l2LnTvZm7l2D1vmWUS9+FB6r9NhXNEExjY\n/2YM8SFDksLlDFECggEBANyGXNxU3nkQGjqNIOdRjIXfYzORmyAz9/m7Kh00QI26\nAUQ13EcFdckK3cccTyBDUpl9o0AOshbCkiFreKI5sQ/MZc/ogL3nUawwv3NJhr+0\ntk3FHZ2JDbfzwwwJewD5qKCu30YaIbdZVORu51T3DIRCgQbRSqcdmYWlVxX5fZ5/\nA4TAp3XhWf6+lKe8kbVKtYVBBX19kxurA1L3ZFysAhIGr0BA3EuA5iNxBBwWL4xq\nE7UZV8wMW0Wo2vGV+GHJFTLa6J5ouWAtNeoYgkVz5OwGm4Owon2YIH+zLI3ww25l\nnq4Molgt6pIGO0SbMF7yWSXPQ7pr1sN6VhGxejA0mYMCggEAdYcB7beeAdy0UrsK\n/f2EItO7ah6serDfbzZNq1ZmSe4Cnyic+nm0hVyS7ff/MgREwJbMM5CD9/PY6nOm\nwZz7pRlzA0+mebhSoLbL9PCzeReDv/1x+fTaB9rD22wJp2Bf9pBox68SJW249uZO\nS142v/hAY58+/8fZFyJU/7OLWVqx+cRKq8IuERl6O/4kJwI5d2ZKwVWG8bdZl36n\nn8N00ABP5A/D7PIWOTvjP4L/I0tWgrWEZPOBhQIyw+EDDkdHqEgB1bR3paXomKuG\nLgVJLP0004CcCnQPHh+q79YGi+7v7CyjZ+yoL9IEfW/+p3JjuzTTIcOuVvZ1+uts\nQ4KbAQKCAQEA1mhQyuw9LcmpJrpmfmE8VkDea5orEAFXHViLVr+h7+okJxSS6f52\nCZTmEhwFFqI+IfwUiEiBgD2G5LVgIaIj8+9QIfe1jG3ma5st2UJon+VsxmpbI/rH\n+s0nG4HwNP+Ho0rCzJ7Fn0Vck4j8pBBa/BDI8D727UqLJHSgGj5rk3l8i0rgxmzn\nGhZj5D4kEPblS/zvAJbiO6lm3vinfK7EiJA1PiyRw1s85sKQM1qiuku8g3xzb3Go\nIC9PSEn+p9xhHwPV3YaGjesHG2be6fYHYi/+beiD48bP+jjTneGzsZdd0213PnLO\nOVGTuF2Ghxnr8SX2fL8ynPZJzoQW/910TwKCAQBCZAYYH/o+XAyiBmOXfgoEGP43\nwPliP9V3MV61AnezMqZlMYtK1l+wM/vFxtg57ILyDNtoftZsCn4hC5gi6K7GA3+u\n+tVhBLXK1+xcHfAWurxU2WKFELFq3WO7nMuRKAaVsSwmHY8xe69uEe361wFK+21X\nfhLkBb/cWf8rR5oAoxQzRRF8wv9uSydkbuJpmExeyK+D8AFxQuLJXb4gpQXFzGNY\n6/xW0NYq2K5skrAvsGWPEQRHqs+BHZsRvjuj7BCvYbOLUzy2I3CBEU85yxI3JRX0\nW92wDPT9xK1Bvemqoi6rwJPADndTKxGKKjVaMej6kgljm5xAA+Tt+G1WZn4q\n-----END RSA PRIVATE KEY-----\n",
            "public_key_fingerprint_md5": "09:74:60:21:69:aa:a4:c0:86:18:67:80:2b:28:4a:5a",
            "public_key_openssh": "ssh-rsa AAAAB3NzaC1yc2EAAAADAQABAAACAQC2mir3otz4Ctx0JoI88riZKBTPf5Uoed/cXY2NEGMC3nbeUZNd2xFGW+Mu6OQmO0vppl8IHGvB8vEF6l89wwbjUmp2RJ5HhOCgDBqFi3C6OpPhfYpCDkWH6v/1S3pcTMxwIIU657eg+9syJfI0iZPA7y1rhx57D83c83VWiWza+p5QcBNBhgW/c8+9tQc3CHbie4no9Dkhz2KwPYZ0U8t16w+T8xcLdBEch7hHGUr1mgoa2tgDSC0fepWtKQPXCWzCNW/D9CaDcIVrsdOkZ78en+0APoq0EKKW2Yhb2EnDLGW5lpK5mF6PkL5VhaaWUL4zKO+bhiT6+otpOyv0DLFgc8sa2t8wQi78xZn5z8CIQXumzQvwFibISNkwlkuqL588bNeKHBqo+4Eek0VVNnLusFw3Zhm874lwvn5UGGL6wabWd5rF/FPhNuFlI3J1uiYtUYcTEHkCbo0rz5KNlctNCYUAevNZtAenyZMGP3O7h7nY8FpDCNPCaRciVL3jXPV9fCwVbveB1yylygWiQX0Vn+Fv9LJ5ydtP5BBtLUcsBhf8XPYJ5ivcjYStLhnDUQKtL+Wx2frGca/plOD18FwjorGZzKtiorAJ3GKfWIVS8waaL2UB7JrmFwOTVQo1aACjrl0crq3nu0zEJtNA5Rxhn7knFAqQTc3Jz7MEUAW2cw==\n",
            "public_key_pem": "-----BEGIN PUBLIC KEY-----\nMIICIjANBgkqhkiG9w0BAQEFAAOCAg8AMIICCgKCAgEAtpoq96Lc+ArcdCaCPPK4\nmSgUz3+VKHnf3F2NjRBjAt523lGTXdsRRlvjLujkJjtL6aZfCBxrwfLxBepfPcMG\n41JqdkSeR4TgoAwahYtwujqT4X2KQg5Fh+r/9Ut6XEzMcCCFOue3oPvbMiXyNImT\nwO8ta4ceew/N3PN1Vols2vqeUHATQYYFv3PPvbUHNwh24nuJ6PQ5Ic9isD2GdFPL\ndesPk/MXC3QRHIe4RxlK9ZoKGtrYA0gtH3qVrSkD1wlswjVvw/Qmg3CFa7HTpGe/\nHp/tAD6KtBCiltmIW9hJwyxluZaSuZhej5C+VYWmllC+Myjvm4Yk+vqLaTsr9Ayx\nYHPLGtrfMEIu/MWZ+c/AiEF7ps0L8BYmyEjZMJZLqi+fPGzXihwaqPuBHpNFVTZy\n7rBcN2YZvO+JcL5+VBhi+sGm1neaxfxT4TbhZSNydbomLVGHExB5Am6NK8+SjZXL\nTQmFAHrzWbQHp8mTBj9zu4e52PBaQwjTwmkXIlS941z1fXwsFW73gdcspcoFokF9\nFZ/hb/SyecnbT+QQbS1HLAYX/Fz2CeYr3I2ErS4Zw1ECrS/lsdn6xnGv6ZTg9fBc\nI6KxmcyrYqKwCdxin1iFUvMGmi9lAeya5hcDk1UKNWgAo65dHK6t57tMxCbTQOUc\nYZ+5JxQKkE3Nyc+zBFAFtnMCAwEAAQ==\n-----END PUBLIC KEY-----\n",
            "rsa_bits": 4096
          },
          "sensitive_attributes": [],
          "private": "bnVsbA=="
        }
      ]
    }
  ]
}
