{
  "version": 4,
  "terraform_version": "1.1.5",
  "serial": 359,
  "lineage": "7d428399-7edb-0fbe-2f58-6d5c51a8e203",
  "outputs": {
    "tls_private_key": {
      "value": "-----BEGIN RSA PRIVATE KEY-----\nMIIJJwIBAAKCAgEAmw+8DA0gF+jUEbKJ+FZiVLee4Fqkumn436/VYRieOrkj9JEc\n11Gp5JCU74Mh9/9XCgqR4DA93WMS7lU86iBPiDsuRQ0uJolWg9uTcpgZGA2z/qki\nYyELZBH/MQI8yd4DW6f+cLWcYA5SYiqdA7eFsawXrgyY2vUzcxvJ07Sk8mSr9R3o\n227uz4GeEbJNseExjhDpgh/L1KI193rjLwzFWmvNMn1kMSzqEdlFkLe1uGoXssyR\nLe/yeDLjAqa69AEpunn2ssVl5X8n74VScTSz1+eiJw386TcmRm2DxwnnGe5VlLj0\n4A2FmkFcv9+s6QrmLiI3/isD+pxS4ADZJt0bQFbQIkD30PjBiMprzHiPh7bD4Gkq\ng9YDN3oDMcII5CiCHLkiNYKj6/tlBo1LIw0mx5rwRJIGyTWSEiXK3YVXL9xD7qNw\n1k240eylVtXpH7h16g7g66x1ocpYH8P1mrPeJu+RLhyO27d/J3HisJQGyfEvSJH+\nULVQtDCAy7VmmB74+uolCdsvuVgDxW5bWHH9he9CU+L9tuYeU01S2tRjn7BruZkk\ne7JtqeL+PTOKLQmZS6qVsyxEeDcP4k5nNnYFk53/HSjU+/C72ZxQ5h9kzgaOwmHH\n9icbxSu+jRimJ/xwiiU+wvyxaTMyFQqg9vpZf0yaEQhCcNs/QBurkYP3F9UCAwEA\nAQKCAgAfVKyQWs6TRi4jbUnHbdzsdTWa63XBXMw2llatCcZe4y3Kqs+DCjMjxbry\nMjLY4zT5CG21OMonQ299zKdEP0cSpbKRrToX+0QJ3IIMc4MOgyZNXGtgUDr2+1Pu\n2R7jQwK2sFkO+QMhvYMT5rxXFevjnHwkZNM12rmMlp7PMf7qI0FDg8mbHO0P7Ia9\n2KMuP+w9YllsO3R6AFSbLq9cwF3YCVQq0X8/GG4rMRWHSjdjjbxAGmlzOLprYwzP\nalT4HIwL67zXHl+aYXj2QqAH07hK9bij34WsscIAFPy9aNjTOn78T+raoqDOLErL\nUiyj4dnklHFv380sBA4SyNkXqzFoHB6k61By5AoPM7NqFamMNeWZ+RPsgk5CQ7Zd\nerNqYXt+jTyl1VfksY72qlJSO2kSbRCZDpRWOckMhbDw685ICsE7oYnpXpbD8BAL\n592fy8+pzWKeQkaY9E4iBEHuzHmeDfYOu7nP4YFuoR3fDElb5JTB0KWWobAP4/k7\nrSaHl9lBNkstIB9FAosJkmKe6jr2Gh/UHVKlivapo1QZSVxHEGr7svpDOvMByy9j\nhfg9UdYT6EKziIaF3I5OE/869UogHlDpRZ+ocCNSVf+ImduH/YEeBL7/0j+DUWcK\nmZT0FkPiQAEdfyouEhIz57K61ZqKNnWF6Bu0WqQsboOFUuHbOQKCAQEAx1pVzpZ8\nkjzQ7FevDuGY9+OdQkRhwRCoNwySM875iif1yxLIgyq+r1JHYOyEiAATQJFrT/+Y\nAQAGSFR68tS6X9d/TCrfIojQ2ykrvBQRmyA/1Tz+MHw5CSGh7PBb6XBTBP8+NQNc\nneDZUiEvW4pSnd7cqoV/B8XtQuQsKjZQmnd4utBWy5z8ocWPrwo5Xqga52NedQsx\npBBuvbWRb8qF8+vbE0MrE20XYxZV5+8ZpcHQwzBzFGesyhwEMB4yuT7n/lCdp+eN\nX5AzJBwSaFtJLRmJLebETI1nNcojUzwi3zWYBkFKXsz7XDF/VykrunaU1ZGoszi+\nCqgYP2fmUfv89wKCAQEAxx96hEtTTvQCpmOnE9m+CeO0vHTkSnvFKTNN1gxZLsSO\nnWu8m+qoVt4K0MrK84OeixtqMJA0c2o3Ma9TmDVxBQB5pkZB3Am3PbfKSSrIGnvf\nj/iIg1e6SA4KuiOJwQaBTDJYHEXyLgv0wksSNfcRo1Z79i0Wq4SjM38DQME4MvIA\ntHwwACNmLv4QD20+iEIx+qYd46rHzspVbIMFeCHZk/BrnJ2lvNjPeGuywx+YDDM8\nm7d0sT6vwmYSRXdRDpvNcmyBT37tMstTs4VQzrx2fBl7IP3VnStQ6brNb+Vn6wFT\nP9QvzjDiXvFQB2WmW1m8jOwZCaYgp6w+9/zqSdpakwKCAQAhcethbGfb1O4sKI3L\nDlguhnZUrspDrLq7+ZTxsjC1V/zpo+4V627wVPp6rVOSyYhxVbROSJBE4q8rJVk3\nMi9OcwX9Tlf/IDsB+cdHl4pYnzF2YfQ3SC/9czIKYUzaPij/dp8GH9lC930eRUj/\nr5YqvEADL8BfGnqytTsfndsp/w83MErPgDf2IAH6GNoFImjZFxe6xTT/1G3vz+1l\ndvHAOXqYobUxXiUFT7L75WZFI94VUSSNcNNRWR/uvrI91+ruBLJef/983+Fkln0U\nGvSM53LXS5b1TOfa413H0hf7oK8vpXaHrxYgooE9qz+V2d0gc359CvD/MrJWuOSw\nLnmDAoIBAHCR8Td9RhmqhRz/1WK5hGAe5PxtsOoS0sGaCXTrAjgYUu/YCoaywHxr\nhv3Gx7mnPSgzVXMi8yQUdiOWlNHF1KEZRaykp3L34yn3D1sR3pJqWVcREEwAeoVl\nutbEZIpFXS9wfrNtL56sj7CPtDnh9Yy7xdTEZL6Oe50PPw2KrnTOr2tZkeFiIdCL\nPRUbk3CAy7SB2P/ueosDhAuWfq8No+2oy4186ke64n+XkzYQVGsBRFBcBJJ3d/GU\nttuiuqZhmmIHyYrhnMNMg4NH6QkXLny2AxABsJPr+xBH1QBfVsJau2+oS2Zr6G34\nSmAELWoTby7UAsubqXZhQC/+QY2C7hUCggEAI+Cd7i4RdsNUeSJXmLRin2BzTbPa\nCiSv9HcHsuUZM/BTj0+PkUYjeO2IucA/PZt39I8wT2vGvowxvNtNIFTgJXX+hxkE\nn4HHuEcSd7K+tNIozRr8OZ9uAP0vNHYtK8qmVbkXD57RgHiyYFODX0EQO9xAsKx4\nbG/89PCeraIK46XP+Q4FfTkl22Dj+2oEOGH5/DPPg8ndtnisHSi8e7XVmhmcEeDb\nUbvi2OsGqgRhwm1Juz3H89RFYawts9c53OSpTL+2cSswecgajiu7E3y57dQzsMYx\nWzYvEybtDsHq6jEhIhn1LeADrcr+WeMs7swzBvIHzXzdCu6W47DOyAQjfw==\n-----END RSA PRIVATE KEY-----\n",
      "type": "string",
      "sensitive": true
    }
  },
  "resources": [
    {
      "mode": "managed",
      "type": "azurerm_linux_virtual_machine",
      "name": "DevOpsvm",
      "provider": "provider[\"registry.terraform.io/hashicorp/azurerm\"]",
      "instances": [
        {
          "schema_version": 0,
          "attributes": {
            "additional_capabilities": [],
            "admin_password": null,
            "admin_ssh_key": [
              {
                "public_key": "ssh-rsa AAAAB3NzaC1yc2EAAAADAQABAAACAQCbD7wMDSAX6NQRson4VmJUt57gWqS6afjfr9VhGJ46uSP0kRzXUankkJTvgyH3/1cKCpHgMD3dYxLuVTzqIE+IOy5FDS4miVaD25NymBkYDbP+qSJjIQtkEf8xAjzJ3gNbp/5wtZxgDlJiKp0Dt4WxrBeuDJja9TNzG8nTtKTyZKv1Hejbbu7PgZ4Rsk2x4TGOEOmCH8vUojX3euMvDMVaa80yfWQxLOoR2UWQt7W4aheyzJEt7/J4MuMCprr0ASm6efayxWXlfyfvhVJxNLPX56InDfzpNyZGbYPHCecZ7lWUuPTgDYWaQVy/36zpCuYuIjf+KwP6nFLgANkm3RtAVtAiQPfQ+MGIymvMeI+HtsPgaSqD1gM3egMxwgjkKIIcuSI1gqPr+2UGjUsjDSbHmvBEkgbJNZISJcrdhVcv3EPuo3DWTbjR7KVW1ekfuHXqDuDrrHWhylgfw/Was94m75EuHI7bt38nceKwlAbJ8S9Ikf5QtVC0MIDLtWaYHvj66iUJ2y+5WAPFbltYcf2F70JT4v225h5TTVLa1GOfsGu5mSR7sm2p4v49M4otCZlLqpWzLER4Nw/iTmc2dgWTnf8dKNT78LvZnFDmH2TOBo7CYcf2JxvFK76NGKYn/HCKJT7C/LFpMzIVCqD2+ll/TJoRCEJw2z9AG6uRg/cX1Q==\n",
                "username": "azureuser"
              }
            ],
            "admin_username": "azureuser",
            "allow_extension_operations": true,
            "availability_set_id": "",
            "boot_diagnostics": [
              {
                "storage_account_uri": "https://diag4aba5451b73c7912.blob.core.windows.net/"
              }
            ],
            "computer_name": "VùPjt",
            "custom_data": null,
            "dedicated_host_group_id": "",
            "dedicated_host_id": "",
            "disable_password_authentication": true,
            "encryption_at_host_enabled": false,
            "eviction_policy": "",
            "extensions_time_budget": "PT1H30M",
            "id": "/subscriptions/5f1b754b-016a-47c6-bb21-522f85465914/resourceGroups/RessourcesDevOps/providers/Microsoft.Compute/virtualMachines/VmPjt",
            "identity": [],
            "license_type": "",
            "location": "francecentral",
            "max_bid_price": -1,
            "name": "VmPjt",
            "network_interface_ids": [
              "/subscriptions/5f1b754b-016a-47c6-bb21-522f85465914/resourceGroups/RessourcesDevOps/providers/Microsoft.Network/networkInterfaces/myNIC"
            ],
            "os_disk": [
              {
                "caching": "ReadWrite",
                "diff_disk_settings": [],
                "disk_encryption_set_id": "",
                "disk_size_gb": 30,
                "name": "myOsDisk",
                "storage_account_type": "Premium_LRS",
                "write_accelerator_enabled": false
              }
            ],
            "patch_mode": "ImageDefault",
            "plan": [],
            "platform_fault_domain": -1,
            "priority": "Regular",
            "private_ip_address": "10.0.1.4",
            "private_ip_addresses": [
              "10.0.1.4"
            ],
            "provision_vm_agent": true,
            "proximity_placement_group_id": "",
            "public_ip_address": "20.111.45.131",
            "public_ip_addresses": [
              "20.111.45.131"
            ],
            "resource_group_name": "RessourcesDevOps",
            "secret": [],
            "secure_boot_enabled": false,
            "size": "Standard_DS1_v2",
            "source_image_id": "",
            "source_image_reference": [
              {
                "offer": "UbuntuServer",
                "publisher": "Canonical",
                "sku": "18.04-LTS",
                "version": "latest"
              }
            ],
            "tags": {
              "environment": "pjtDevOps"
            },
            "timeouts": null,
            "user_data": "",
            "virtual_machine_id": "d1812f00-596d-4dd3-9837-d1b28be90573",
            "virtual_machine_scale_set_id": "",
            "vtpm_enabled": false,
            "zone": ""
          },
          "sensitive_attributes": [],
          "private": "eyJlMmJmYjczMC1lY2FhLTExZTYtOGY4OC0zNDM2M2JjN2M0YzAiOnsiY3JlYXRlIjoyNzAwMDAwMDAwMDAwLCJkZWxldGUiOjI3MDAwMDAwMDAwMDAsInJlYWQiOjMwMDAwMDAwMDAwMCwidXBkYXRlIjoyNzAwMDAwMDAwMDAwfX0=",
          "dependencies": [
            "azurerm_network_interface.DevOpsnic",
            "azurerm_public_ip.DevOpspublicip",
            "azurerm_resource_group.DevOpsgroup",
            "azurerm_storage_account.mystorageaccount",
            "azurerm_subnet.DevOpssubnet",
            "azurerm_virtual_network.DevOpsnetwork",
            "random_id.randomId",
            "tls_private_key.example_ssh"
          ]
        }
      ]
    },
    {
      "mode": "managed",
      "type": "azurerm_network_interface",
      "name": "DevOpsnic",
      "provider": "provider[\"registry.terraform.io/hashicorp/azurerm\"]",
      "instances": [
        {
          "schema_version": 0,
          "attributes": {
            "applied_dns_servers": [],
            "dns_servers": [],
            "enable_accelerated_networking": false,
            "enable_ip_forwarding": false,
            "id": "/subscriptions/5f1b754b-016a-47c6-bb21-522f85465914/resourceGroups/RessourcesDevOps/providers/Microsoft.Network/networkInterfaces/myNIC",
            "internal_dns_name_label": "",
            "internal_domain_name_suffix": "ycgncnl5fjiufd52u2mtfveijf.parx.internal.cloudapp.net",
            "ip_configuration": [
              {
                "gateway_load_balancer_frontend_ip_configuration_id": "",
                "name": "myNicConfiguration",
                "primary": true,
                "private_ip_address": "10.0.1.4",
                "private_ip_address_allocation": "Dynamic",
                "private_ip_address_version": "IPv4",
                "public_ip_address_id": "/subscriptions/5f1b754b-016a-47c6-bb21-522f85465914/resourceGroups/RessourcesDevOps/providers/Microsoft.Network/publicIPAddresses/myPublicIP",
                "subnet_id": "/subscriptions/5f1b754b-016a-47c6-bb21-522f85465914/resourceGroups/RessourcesDevOps/providers/Microsoft.Network/virtualNetworks/DevOpsnet/subnets/DevOpsSubnet"
              }
            ],
            "location": "francecentral",
            "mac_address": "",
            "name": "myNIC",
            "private_ip_address": "10.0.1.4",
            "private_ip_addresses": [
              "10.0.1.4"
            ],
            "resource_group_name": "RessourcesDevOps",
            "tags": {
              "environment": "pjtDevOps"
            },
            "timeouts": null,
            "virtual_machine_id": ""
          },
          "sensitive_attributes": [],
          "private": "eyJlMmJmYjczMC1lY2FhLTExZTYtOGY4OC0zNDM2M2JjN2M0YzAiOnsiY3JlYXRlIjoxODAwMDAwMDAwMDAwLCJkZWxldGUiOjE4MDAwMDAwMDAwMDAsInJlYWQiOjMwMDAwMDAwMDAwMCwidXBkYXRlIjoxODAwMDAwMDAwMDAwfX0=",
          "dependencies": [
            "azurerm_public_ip.DevOpspublicip",
            "azurerm_resource_group.DevOpsgroup",
            "azurerm_subnet.DevOpssubnet",
            "azurerm_virtual_network.DevOpsnetwork"
          ]
        }
      ]
    },
    {
      "mode": "managed",
      "type": "azurerm_network_interface_security_group_association",
      "name": "example",
      "provider": "provider[\"registry.terraform.io/hashicorp/azurerm\"]",
      "instances": [
        {
          "schema_version": 0,
          "attributes": {
            "id": "/subscriptions/5f1b754b-016a-47c6-bb21-522f85465914/resourceGroups/RessourcesDevOps/providers/Microsoft.Network/networkInterfaces/myNIC|/subscriptions/5f1b754b-016a-47c6-bb21-522f85465914/resourceGroups/RessourcesDevOps/providers/Microsoft.Network/networkSecurityGroups/SecurityGroupPjtDevops",
            "network_interface_id": "/subscriptions/5f1b754b-016a-47c6-bb21-522f85465914/resourceGroups/RessourcesDevOps/providers/Microsoft.Network/networkInterfaces/myNIC",
            "network_security_group_id": "/subscriptions/5f1b754b-016a-47c6-bb21-522f85465914/resourceGroups/RessourcesDevOps/providers/Microsoft.Network/networkSecurityGroups/SecurityGroupPjtDevops",
            "timeouts": null
          },
          "sensitive_attributes": [],
          "private": "eyJlMmJmYjczMC1lY2FhLTExZTYtOGY4OC0zNDM2M2JjN2M0YzAiOnsiY3JlYXRlIjoxODAwMDAwMDAwMDAwLCJkZWxldGUiOjE4MDAwMDAwMDAwMDAsInJlYWQiOjMwMDAwMDAwMDAwMCwidXBkYXRlIjoxODAwMDAwMDAwMDAwfX0=",
          "dependencies": [
            "azurerm_network_interface.DevOpsnic",
            "azurerm_network_security_group.DevOpsnsg",
            "azurerm_public_ip.DevOpspublicip",
            "azurerm_resource_group.DevOpsgroup",
            "azurerm_subnet.DevOpssubnet",
            "azurerm_virtual_network.DevOpsnetwork"
          ]
        }
      ]
    },
    {
      "mode": "managed",
      "type": "azurerm_network_security_group",
      "name": "DevOpsnsg",
      "provider": "provider[\"registry.terraform.io/hashicorp/azurerm\"]",
      "instances": [
        {
          "schema_version": 0,
          "attributes": {
            "id": "/subscriptions/5f1b754b-016a-47c6-bb21-522f85465914/resourceGroups/RessourcesDevOps/providers/Microsoft.Network/networkSecurityGroups/SecurityGroupPjtDevops",
            "location": "francecentral",
            "name": "SecurityGroupPjtDevops",
            "resource_group_name": "RessourcesDevOps",
            "security_rule": [
              {
                "access": "Allow",
                "description": "",
                "destination_address_prefix": "*",
                "destination_address_prefixes": [],
                "destination_application_security_group_ids": [],
                "destination_port_range": "22",
                "destination_port_ranges": [],
                "direction": "Inbound",
                "name": "SSH",
                "priority": 1001,
                "protocol": "Tcp",
                "source_address_prefix": "*",
                "source_address_prefixes": [],
                "source_application_security_group_ids": [],
                "source_port_range": "*",
                "source_port_ranges": []
              },
              {
                "access": "Allow",
                "description": "",
                "destination_address_prefix": "*",
                "destination_address_prefixes": [],
                "destination_application_security_group_ids": [],
                "destination_port_range": "80",
                "destination_port_ranges": [],
                "direction": "Inbound",
                "name": "TCP",
                "priority": 1002,
                "protocol": "Tcp",
                "source_address_prefix": "*",
                "source_address_prefixes": [],
                "source_application_security_group_ids": [],
                "source_port_range": "*",
                "source_port_ranges": []
              }
            ],
            "tags": {
              "environment": "pjtDevOps"
            },
            "timeouts": null
          },
          "sensitive_attributes": [],
          "private": "eyJlMmJmYjczMC1lY2FhLTExZTYtOGY4OC0zNDM2M2JjN2M0YzAiOnsiY3JlYXRlIjoxODAwMDAwMDAwMDAwLCJkZWxldGUiOjE4MDAwMDAwMDAwMDAsInJlYWQiOjMwMDAwMDAwMDAwMCwidXBkYXRlIjoxODAwMDAwMDAwMDAwfX0=",
          "dependencies": [
            "azurerm_resource_group.DevOpsgroup"
          ]
        }
      ]
    },
    {
      "mode": "managed",
      "type": "azurerm_public_ip",
      "name": "DevOpspublicip",
      "provider": "provider[\"registry.terraform.io/hashicorp/azurerm\"]",
      "instances": [
        {
          "schema_version": 0,
          "attributes": {
            "allocation_method": "Dynamic",
            "availability_zone": "No-Zone",
            "domain_name_label": null,
            "fqdn": null,
            "id": "/subscriptions/5f1b754b-016a-47c6-bb21-522f85465914/resourceGroups/RessourcesDevOps/providers/Microsoft.Network/publicIPAddresses/myPublicIP",
            "idle_timeout_in_minutes": 4,
            "ip_address": "",
            "ip_tags": null,
            "ip_version": "IPv4",
            "location": "francecentral",
            "name": "myPublicIP",
            "public_ip_prefix_id": null,
            "resource_group_name": "RessourcesDevOps",
            "reverse_fqdn": null,
            "sku": "Basic",
            "sku_tier": "Regional",
            "tags": {
              "environment": "pjtDevOps"
            },
            "timeouts": null,
            "zones": []
          },
          "sensitive_attributes": [],
          "private": "eyJlMmJmYjczMC1lY2FhLTExZTYtOGY4OC0zNDM2M2JjN2M0YzAiOnsiY3JlYXRlIjoxODAwMDAwMDAwMDAwLCJkZWxldGUiOjE4MDAwMDAwMDAwMDAsInJlYWQiOjMwMDAwMDAwMDAwMCwidXBkYXRlIjoxODAwMDAwMDAwMDAwfX0=",
          "dependencies": [
            "azurerm_resource_group.DevOpsgroup"
          ]
        }
      ]
    },
    {
      "mode": "managed",
      "type": "azurerm_resource_group",
      "name": "DevOpsgroup",
      "provider": "provider[\"registry.terraform.io/hashicorp/azurerm\"]",
      "instances": [
        {
          "schema_version": 0,
          "attributes": {
            "id": "/subscriptions/5f1b754b-016a-47c6-bb21-522f85465914/resourceGroups/RessourcesDevOps",
            "location": "francecentral",
            "name": "RessourcesDevOps",
            "tags": {
              "environment": "pjtDevOps"
            },
            "timeouts": null
          },
          "sensitive_attributes": [],
          "private": "eyJlMmJmYjczMC1lY2FhLTExZTYtOGY4OC0zNDM2M2JjN2M0YzAiOnsiY3JlYXRlIjo1NDAwMDAwMDAwMDAwLCJkZWxldGUiOjU0MDAwMDAwMDAwMDAsInJlYWQiOjMwMDAwMDAwMDAwMCwidXBkYXRlIjo1NDAwMDAwMDAwMDAwfX0="
        }
      ]
    },
    {
      "mode": "managed",
      "type": "azurerm_storage_account",
      "name": "mystorageaccount",
      "provider": "provider[\"registry.terraform.io/hashicorp/azurerm\"]",
      "instances": [
        {
          "schema_version": 2,
          "attributes": {
            "access_tier": "Hot",
            "account_kind": "StorageV2",
            "account_replication_type": "LRS",
            "account_tier": "Standard",
            "allow_blob_public_access": false,
            "azure_files_authentication": [],
            "blob_properties": [
              {
                "change_feed_enabled": false,
                "container_delete_retention_policy": [],
                "cors_rule": [],
                "default_service_version": "",
                "delete_retention_policy": [],
                "last_access_time_enabled": false,
                "versioning_enabled": false
              }
            ],
            "custom_domain": [],
            "enable_https_traffic_only": true,
            "id": "/subscriptions/5f1b754b-016a-47c6-bb21-522f85465914/resourceGroups/RessourcesDevOps/providers/Microsoft.Storage/storageAccounts/diag4aba5451b73c7912",
            "identity": [],
            "infrastructure_encryption_enabled": false,
            "is_hns_enabled": false,
            "large_file_share_enabled": null,
            "location": "francecentral",
            "min_tls_version": "TLS1_0",
            "name": "diag4aba5451b73c7912",
            "network_rules": [
              {
                "bypass": [
                  "AzureServices"
                ],
                "default_action": "Allow",
                "ip_rules": [],
                "private_link_access": [],
                "virtual_network_subnet_ids": []
              }
            ],
            "nfsv3_enabled": false,
            "primary_access_key": "Od3VyuNc32dI0Q75Z1AhoucvJy5ffjHnFd45/q7UBnHrLCmWUfH2tBdgscF57AvtMpjADT5KkVdL+AStzkZwpg==",
            "primary_blob_connection_string": "DefaultEndpointsProtocol=https;BlobEndpoint=https://diag4aba5451b73c7912.blob.core.windows.net/;AccountName=diag4aba5451b73c7912;AccountKey=Od3VyuNc32dI0Q75Z1AhoucvJy5ffjHnFd45/q7UBnHrLCmWUfH2tBdgscF57AvtMpjADT5KkVdL+AStzkZwpg==",
            "primary_blob_endpoint": "https://diag4aba5451b73c7912.blob.core.windows.net/",
            "primary_blob_host": "diag4aba5451b73c7912.blob.core.windows.net",
            "primary_connection_string": "DefaultEndpointsProtocol=https;AccountName=diag4aba5451b73c7912;AccountKey=Od3VyuNc32dI0Q75Z1AhoucvJy5ffjHnFd45/q7UBnHrLCmWUfH2tBdgscF57AvtMpjADT5KkVdL+AStzkZwpg==;EndpointSuffix=core.windows.net",
            "primary_dfs_endpoint": "https://diag4aba5451b73c7912.dfs.core.windows.net/",
            "primary_dfs_host": "diag4aba5451b73c7912.dfs.core.windows.net",
            "primary_file_endpoint": "https://diag4aba5451b73c7912.file.core.windows.net/",
            "primary_file_host": "diag4aba5451b73c7912.file.core.windows.net",
            "primary_location": "francecentral",
            "primary_queue_endpoint": "https://diag4aba5451b73c7912.queue.core.windows.net/",
            "primary_queue_host": "diag4aba5451b73c7912.queue.core.windows.net",
            "primary_table_endpoint": "https://diag4aba5451b73c7912.table.core.windows.net/",
            "primary_table_host": "diag4aba5451b73c7912.table.core.windows.net",
            "primary_web_endpoint": "https://diag4aba5451b73c7912.z28.web.core.windows.net/",
            "primary_web_host": "diag4aba5451b73c7912.z28.web.core.windows.net",
            "queue_encryption_key_type": "Service",
            "queue_properties": [
              {
                "cors_rule": [],
                "hour_metrics": [
                  {
                    "enabled": true,
                    "include_apis": true,
                    "retention_policy_days": 7,
                    "version": "1.0"
                  }
                ],
                "logging": [
                  {
                    "delete": false,
                    "read": false,
                    "retention_policy_days": 0,
                    "version": "1.0",
                    "write": false
                  }
                ],
                "minute_metrics": [
                  {
                    "enabled": false,
                    "include_apis": false,
                    "retention_policy_days": 0,
                    "version": "1.0"
                  }
                ]
              }
            ],
            "resource_group_name": "RessourcesDevOps",
            "routing": [],
            "secondary_access_key": "cNq+Cc3WK84P4mC9Nd3uuGXfgFb9e35UzuAP1wOWcDGArFSoqSu2qfrh4sUVNmRueq6IEk4PJuGW+AStUtLDyA==",
            "secondary_blob_connection_string": "",
            "secondary_blob_endpoint": null,
            "secondary_blob_host": null,
            "secondary_connection_string": "DefaultEndpointsProtocol=https;AccountName=diag4aba5451b73c7912;AccountKey=cNq+Cc3WK84P4mC9Nd3uuGXfgFb9e35UzuAP1wOWcDGArFSoqSu2qfrh4sUVNmRueq6IEk4PJuGW+AStUtLDyA==;EndpointSuffix=core.windows.net",
            "secondary_dfs_endpoint": null,
            "secondary_dfs_host": null,
            "secondary_file_endpoint": null,
            "secondary_file_host": null,
            "secondary_location": "",
            "secondary_queue_endpoint": null,
            "secondary_queue_host": null,
            "secondary_table_endpoint": null,
            "secondary_table_host": null,
            "secondary_web_endpoint": null,
            "secondary_web_host": null,
            "share_properties": [
              {
                "cors_rule": [],
                "retention_policy": [
                  {
                    "days": 7
                  }
                ],
                "smb": []
              }
            ],
            "shared_access_key_enabled": true,
            "static_website": [],
            "table_encryption_key_type": "Service",
            "tags": {
              "environment": "pjtDevOps"
            },
            "timeouts": null
          },
          "sensitive_attributes": [],
          "private": "eyJlMmJmYjczMC1lY2FhLTExZTYtOGY4OC0zNDM2M2JjN2M0YzAiOnsiY3JlYXRlIjozNjAwMDAwMDAwMDAwLCJkZWxldGUiOjM2MDAwMDAwMDAwMDAsInJlYWQiOjMwMDAwMDAwMDAwMCwidXBkYXRlIjozNjAwMDAwMDAwMDAwfSwic2NoZW1hX3ZlcnNpb24iOiIyIn0=",
          "dependencies": [
            "azurerm_resource_group.DevOpsgroup",
            "random_id.randomId"
          ]
        }
      ]
    },
    {
      "mode": "managed",
      "type": "azurerm_subnet",
      "name": "DevOpssubnet",
      "provider": "provider[\"registry.terraform.io/hashicorp/azurerm\"]",
      "instances": [
        {
          "schema_version": 0,
          "attributes": {
            "address_prefix": "10.0.1.0/24",
            "address_prefixes": [
              "10.0.1.0/24"
            ],
            "delegation": [],
            "enforce_private_link_endpoint_network_policies": false,
            "enforce_private_link_service_network_policies": false,
            "id": "/subscriptions/5f1b754b-016a-47c6-bb21-522f85465914/resourceGroups/RessourcesDevOps/providers/Microsoft.Network/virtualNetworks/DevOpsnet/subnets/DevOpsSubnet",
            "name": "DevOpsSubnet",
            "resource_group_name": "RessourcesDevOps",
            "service_endpoint_policy_ids": null,
            "service_endpoints": null,
            "timeouts": null,
            "virtual_network_name": "DevOpsnet"
          },
          "sensitive_attributes": [],
          "private": "eyJlMmJmYjczMC1lY2FhLTExZTYtOGY4OC0zNDM2M2JjN2M0YzAiOnsiY3JlYXRlIjoxODAwMDAwMDAwMDAwLCJkZWxldGUiOjE4MDAwMDAwMDAwMDAsInJlYWQiOjMwMDAwMDAwMDAwMCwidXBkYXRlIjoxODAwMDAwMDAwMDAwfX0=",
          "dependencies": [
            "azurerm_resource_group.DevOpsgroup",
            "azurerm_virtual_network.DevOpsnetwork"
          ]
        }
      ]
    },
    {
      "mode": "managed",
      "type": "azurerm_virtual_network",
      "name": "DevOpsnetwork",
      "provider": "provider[\"registry.terraform.io/hashicorp/azurerm\"]",
      "instances": [
        {
          "schema_version": 0,
          "attributes": {
            "address_space": [
              "10.0.0.0/16"
            ],
            "bgp_community": "",
            "ddos_protection_plan": [],
            "dns_servers": [],
            "flow_timeout_in_minutes": 0,
            "guid": "35d18cc0-2a7f-4251-8ffc-a71932d4884d",
            "id": "/subscriptions/5f1b754b-016a-47c6-bb21-522f85465914/resourceGroups/RessourcesDevOps/providers/Microsoft.Network/virtualNetworks/DevOpsnet",
            "location": "francecentral",
            "name": "DevOpsnet",
            "resource_group_name": "RessourcesDevOps",
            "subnet": [],
            "tags": {
              "environment": "pjtDevOps"
            },
            "timeouts": null,
            "vm_protection_enabled": false
          },
          "sensitive_attributes": [],
          "private": "eyJlMmJmYjczMC1lY2FhLTExZTYtOGY4OC0zNDM2M2JjN2M0YzAiOnsiY3JlYXRlIjoxODAwMDAwMDAwMDAwLCJkZWxldGUiOjE4MDAwMDAwMDAwMDAsInJlYWQiOjMwMDAwMDAwMDAwMCwidXBkYXRlIjoxODAwMDAwMDAwMDAwfX0=",
          "dependencies": [
            "azurerm_resource_group.DevOpsgroup"
          ]
        }
      ]
    },
    {
      "mode": "managed",
      "type": "random_id",
      "name": "randomId",
      "provider": "provider[\"registry.terraform.io/hashicorp/random\"]",
      "instances": [
        {
          "schema_version": 0,
          "attributes": {
            "b64_std": "SrpUUbc8eRI=",
            "b64_url": "SrpUUbc8eRI",
            "byte_length": 8,
            "dec": "5384709014418127122",
            "hex": "4aba5451b73c7912",
            "id": "SrpUUbc8eRI",
            "keepers": {
              "resource_group": "RessourcesDevOps"
            },
            "prefix": null
          },
          "sensitive_attributes": [],
          "private": "bnVsbA==",
          "dependencies": [
            "azurerm_resource_group.DevOpsgroup"
          ]
        }
      ]
    },
    {
      "mode": "managed",
      "type": "tls_private_key",
      "name": "example_ssh",
      "provider": "provider[\"registry.terraform.io/hashicorp/tls\"]",
      "instances": [
        {
          "schema_version": 0,
          "attributes": {
            "algorithm": "RSA",
            "ecdsa_curve": "P224",
            "id": "ad9dcd26f5b83398c1d7954e8b0b6c07e3a82c98",
            "private_key_pem": "-----BEGIN RSA PRIVATE KEY-----\nMIIJJwIBAAKCAgEAmw+8DA0gF+jUEbKJ+FZiVLee4Fqkumn436/VYRieOrkj9JEc\n11Gp5JCU74Mh9/9XCgqR4DA93WMS7lU86iBPiDsuRQ0uJolWg9uTcpgZGA2z/qki\nYyELZBH/MQI8yd4DW6f+cLWcYA5SYiqdA7eFsawXrgyY2vUzcxvJ07Sk8mSr9R3o\n227uz4GeEbJNseExjhDpgh/L1KI193rjLwzFWmvNMn1kMSzqEdlFkLe1uGoXssyR\nLe/yeDLjAqa69AEpunn2ssVl5X8n74VScTSz1+eiJw386TcmRm2DxwnnGe5VlLj0\n4A2FmkFcv9+s6QrmLiI3/isD+pxS4ADZJt0bQFbQIkD30PjBiMprzHiPh7bD4Gkq\ng9YDN3oDMcII5CiCHLkiNYKj6/tlBo1LIw0mx5rwRJIGyTWSEiXK3YVXL9xD7qNw\n1k240eylVtXpH7h16g7g66x1ocpYH8P1mrPeJu+RLhyO27d/J3HisJQGyfEvSJH+\nULVQtDCAy7VmmB74+uolCdsvuVgDxW5bWHH9he9CU+L9tuYeU01S2tRjn7BruZkk\ne7JtqeL+PTOKLQmZS6qVsyxEeDcP4k5nNnYFk53/HSjU+/C72ZxQ5h9kzgaOwmHH\n9icbxSu+jRimJ/xwiiU+wvyxaTMyFQqg9vpZf0yaEQhCcNs/QBurkYP3F9UCAwEA\nAQKCAgAfVKyQWs6TRi4jbUnHbdzsdTWa63XBXMw2llatCcZe4y3Kqs+DCjMjxbry\nMjLY4zT5CG21OMonQ299zKdEP0cSpbKRrToX+0QJ3IIMc4MOgyZNXGtgUDr2+1Pu\n2R7jQwK2sFkO+QMhvYMT5rxXFevjnHwkZNM12rmMlp7PMf7qI0FDg8mbHO0P7Ia9\n2KMuP+w9YllsO3R6AFSbLq9cwF3YCVQq0X8/GG4rMRWHSjdjjbxAGmlzOLprYwzP\nalT4HIwL67zXHl+aYXj2QqAH07hK9bij34WsscIAFPy9aNjTOn78T+raoqDOLErL\nUiyj4dnklHFv380sBA4SyNkXqzFoHB6k61By5AoPM7NqFamMNeWZ+RPsgk5CQ7Zd\nerNqYXt+jTyl1VfksY72qlJSO2kSbRCZDpRWOckMhbDw685ICsE7oYnpXpbD8BAL\n592fy8+pzWKeQkaY9E4iBEHuzHmeDfYOu7nP4YFuoR3fDElb5JTB0KWWobAP4/k7\nrSaHl9lBNkstIB9FAosJkmKe6jr2Gh/UHVKlivapo1QZSVxHEGr7svpDOvMByy9j\nhfg9UdYT6EKziIaF3I5OE/869UogHlDpRZ+ocCNSVf+ImduH/YEeBL7/0j+DUWcK\nmZT0FkPiQAEdfyouEhIz57K61ZqKNnWF6Bu0WqQsboOFUuHbOQKCAQEAx1pVzpZ8\nkjzQ7FevDuGY9+OdQkRhwRCoNwySM875iif1yxLIgyq+r1JHYOyEiAATQJFrT/+Y\nAQAGSFR68tS6X9d/TCrfIojQ2ykrvBQRmyA/1Tz+MHw5CSGh7PBb6XBTBP8+NQNc\nneDZUiEvW4pSnd7cqoV/B8XtQuQsKjZQmnd4utBWy5z8ocWPrwo5Xqga52NedQsx\npBBuvbWRb8qF8+vbE0MrE20XYxZV5+8ZpcHQwzBzFGesyhwEMB4yuT7n/lCdp+eN\nX5AzJBwSaFtJLRmJLebETI1nNcojUzwi3zWYBkFKXsz7XDF/VykrunaU1ZGoszi+\nCqgYP2fmUfv89wKCAQEAxx96hEtTTvQCpmOnE9m+CeO0vHTkSnvFKTNN1gxZLsSO\nnWu8m+qoVt4K0MrK84OeixtqMJA0c2o3Ma9TmDVxBQB5pkZB3Am3PbfKSSrIGnvf\nj/iIg1e6SA4KuiOJwQaBTDJYHEXyLgv0wksSNfcRo1Z79i0Wq4SjM38DQME4MvIA\ntHwwACNmLv4QD20+iEIx+qYd46rHzspVbIMFeCHZk/BrnJ2lvNjPeGuywx+YDDM8\nm7d0sT6vwmYSRXdRDpvNcmyBT37tMstTs4VQzrx2fBl7IP3VnStQ6brNb+Vn6wFT\nP9QvzjDiXvFQB2WmW1m8jOwZCaYgp6w+9/zqSdpakwKCAQAhcethbGfb1O4sKI3L\nDlguhnZUrspDrLq7+ZTxsjC1V/zpo+4V627wVPp6rVOSyYhxVbROSJBE4q8rJVk3\nMi9OcwX9Tlf/IDsB+cdHl4pYnzF2YfQ3SC/9czIKYUzaPij/dp8GH9lC930eRUj/\nr5YqvEADL8BfGnqytTsfndsp/w83MErPgDf2IAH6GNoFImjZFxe6xTT/1G3vz+1l\ndvHAOXqYobUxXiUFT7L75WZFI94VUSSNcNNRWR/uvrI91+ruBLJef/983+Fkln0U\nGvSM53LXS5b1TOfa413H0hf7oK8vpXaHrxYgooE9qz+V2d0gc359CvD/MrJWuOSw\nLnmDAoIBAHCR8Td9RhmqhRz/1WK5hGAe5PxtsOoS0sGaCXTrAjgYUu/YCoaywHxr\nhv3Gx7mnPSgzVXMi8yQUdiOWlNHF1KEZRaykp3L34yn3D1sR3pJqWVcREEwAeoVl\nutbEZIpFXS9wfrNtL56sj7CPtDnh9Yy7xdTEZL6Oe50PPw2KrnTOr2tZkeFiIdCL\nPRUbk3CAy7SB2P/ueosDhAuWfq8No+2oy4186ke64n+XkzYQVGsBRFBcBJJ3d/GU\nttuiuqZhmmIHyYrhnMNMg4NH6QkXLny2AxABsJPr+xBH1QBfVsJau2+oS2Zr6G34\nSmAELWoTby7UAsubqXZhQC/+QY2C7hUCggEAI+Cd7i4RdsNUeSJXmLRin2BzTbPa\nCiSv9HcHsuUZM/BTj0+PkUYjeO2IucA/PZt39I8wT2vGvowxvNtNIFTgJXX+hxkE\nn4HHuEcSd7K+tNIozRr8OZ9uAP0vNHYtK8qmVbkXD57RgHiyYFODX0EQO9xAsKx4\nbG/89PCeraIK46XP+Q4FfTkl22Dj+2oEOGH5/DPPg8ndtnisHSi8e7XVmhmcEeDb\nUbvi2OsGqgRhwm1Juz3H89RFYawts9c53OSpTL+2cSswecgajiu7E3y57dQzsMYx\nWzYvEybtDsHq6jEhIhn1LeADrcr+WeMs7swzBvIHzXzdCu6W47DOyAQjfw==\n-----END RSA PRIVATE KEY-----\n",
            "public_key_fingerprint_md5": "3f:e8:af:37:4e:6c:84:4e:32:a3:b3:60:f8:0e:b9:d5",
            "public_key_openssh": "ssh-rsa AAAAB3NzaC1yc2EAAAADAQABAAACAQCbD7wMDSAX6NQRson4VmJUt57gWqS6afjfr9VhGJ46uSP0kRzXUankkJTvgyH3/1cKCpHgMD3dYxLuVTzqIE+IOy5FDS4miVaD25NymBkYDbP+qSJjIQtkEf8xAjzJ3gNbp/5wtZxgDlJiKp0Dt4WxrBeuDJja9TNzG8nTtKTyZKv1Hejbbu7PgZ4Rsk2x4TGOEOmCH8vUojX3euMvDMVaa80yfWQxLOoR2UWQt7W4aheyzJEt7/J4MuMCprr0ASm6efayxWXlfyfvhVJxNLPX56InDfzpNyZGbYPHCecZ7lWUuPTgDYWaQVy/36zpCuYuIjf+KwP6nFLgANkm3RtAVtAiQPfQ+MGIymvMeI+HtsPgaSqD1gM3egMxwgjkKIIcuSI1gqPr+2UGjUsjDSbHmvBEkgbJNZISJcrdhVcv3EPuo3DWTbjR7KVW1ekfuHXqDuDrrHWhylgfw/Was94m75EuHI7bt38nceKwlAbJ8S9Ikf5QtVC0MIDLtWaYHvj66iUJ2y+5WAPFbltYcf2F70JT4v225h5TTVLa1GOfsGu5mSR7sm2p4v49M4otCZlLqpWzLER4Nw/iTmc2dgWTnf8dKNT78LvZnFDmH2TOBo7CYcf2JxvFK76NGKYn/HCKJT7C/LFpMzIVCqD2+ll/TJoRCEJw2z9AG6uRg/cX1Q==\n",
            "public_key_pem": "-----BEGIN PUBLIC KEY-----\nMIICIjANBgkqhkiG9w0BAQEFAAOCAg8AMIICCgKCAgEAmw+8DA0gF+jUEbKJ+FZi\nVLee4Fqkumn436/VYRieOrkj9JEc11Gp5JCU74Mh9/9XCgqR4DA93WMS7lU86iBP\niDsuRQ0uJolWg9uTcpgZGA2z/qkiYyELZBH/MQI8yd4DW6f+cLWcYA5SYiqdA7eF\nsawXrgyY2vUzcxvJ07Sk8mSr9R3o227uz4GeEbJNseExjhDpgh/L1KI193rjLwzF\nWmvNMn1kMSzqEdlFkLe1uGoXssyRLe/yeDLjAqa69AEpunn2ssVl5X8n74VScTSz\n1+eiJw386TcmRm2DxwnnGe5VlLj04A2FmkFcv9+s6QrmLiI3/isD+pxS4ADZJt0b\nQFbQIkD30PjBiMprzHiPh7bD4Gkqg9YDN3oDMcII5CiCHLkiNYKj6/tlBo1LIw0m\nx5rwRJIGyTWSEiXK3YVXL9xD7qNw1k240eylVtXpH7h16g7g66x1ocpYH8P1mrPe\nJu+RLhyO27d/J3HisJQGyfEvSJH+ULVQtDCAy7VmmB74+uolCdsvuVgDxW5bWHH9\nhe9CU+L9tuYeU01S2tRjn7BruZkke7JtqeL+PTOKLQmZS6qVsyxEeDcP4k5nNnYF\nk53/HSjU+/C72ZxQ5h9kzgaOwmHH9icbxSu+jRimJ/xwiiU+wvyxaTMyFQqg9vpZ\nf0yaEQhCcNs/QBurkYP3F9UCAwEAAQ==\n-----END PUBLIC KEY-----\n",
            "rsa_bits": 4096
          },
          "sensitive_attributes": [],
          "private": "bnVsbA=="
        }
      ]
    }
  ]
}
