{
  "version": 4,
  "terraform_version": "1.1.5",
  "serial": 683,
  "lineage": "7d428399-7edb-0fbe-2f58-6d5c51a8e203",
  "outputs": {
    "tls_private_key": {
      "value": "-----BEGIN RSA PRIVATE KEY-----\nMIIJKQIBAAKCAgEA9fQLpnrTax0o/YcprqF6wMt1LPmi5lk5R0SZ/28TIiAY2dzL\nsvJO1AJl0FQwxjARHDoz7TUSldwb7JnLiMx6YrmtYXZ/P908Xw/TIZQZ4TehO6dM\nw3rGEf43sezfzakXPhIH4ecilsrSkbfLujZw6hFasTf+KIj6gmiwo/5ln3iul82M\nSt3PQuJU7UwQ/WkubCDwY5uv3F3viZXESrma2y+bpxXPhSjyXukBhtBnSttZk2it\nPxXCdaKop8diZuJaUg9C+sNMHAZVo9yGeAK4h5DtsRV1nmpgeSm3WAP8hnSKB/oi\nFqCmUVsY3YVKaPCjWILwI4W8LNHrLPagmh3djT6jMhRkHieM4np/AJrk7eQZ2Hrg\nUR/KaPUNhQRT3vp+ZZP1k0tZJUUqfS1z9BLwdUm2S67i2zFxXuYNRNPnRGOvCTxX\nlesyauxWEIF8ZRtw07PskBxYPKRAyGpkQ5iBiHA0CCPo4f/ryQkQMxVEuNyXgejL\n7WGVdsUZY5IV86gmT52+G5K1LY7tlO6Qh5WnizPfATykfNa88wzkqh35kJHlCw8W\nLCGyOQ+OE78jj9q4qFYA9KL+RyQjNymqJykuR/StB9VGZWGBTNKlTCh7fT48H8r+\nuV8QoE5z7itm+A65zr2vyMZngTzK+LpU/+gu8Q/PiW+JHze08JSOHR5sayUCAwEA\nAQKCAgBt6D6EiIKNbRxyHsJLnTFjkgesr2lSEjD8XfWLJbGhIEK6qGYGcy0ypFem\n/thE2BntST0HFR5XBWMdGaTQXr+Z+ms2EGPQwCZIPKQWbz4ZXGiaZapx+B0m0TlG\nMxnXp2YRgLExC75zL/Nk1oMdlVJj5plmdCUJLBz1xZ6ZygbTenRatampkvEZbFaT\nK9izxRrPivChMmMl0HxIOTrcQZCnveCKi76OPLwCGZFrExn1Y4vlyXMRq8GYG7XO\nM9UPMLs3zEYcFMWgCFygut0EKAMZ4XO2HGbRAaxWuIOLu0xPMSi1Y9tzzRpFZLX5\n16RmvJHh7bEtzodGaA/1qcge1pW3tjBcrJ6BkUWTVpFXdmv+ahxxq1r1DxF9O+Cb\n2nsAZen7Bx9kFVe6WevEC4oVSy60ksWfx4MsCmsLUuJCQvH2LPPmL7YF+MfdaBsg\nXn0YsOxkAa5SIq90/h7uFUXXAqz12GYWkbQbtPkAqbYxFAbBAGRl1Mz4DMn0krsu\nUOF4Kade0zVwYPRNzWLAVbch0+cwgVYQEp6m+fnVi5hDcry33hIhZ3+2w7jXpkLU\nqm5UTXCzoiTiqHdjBikmE6V+YfxTM+UCIvqOsUJvShPc36V9mDoOaCVDO64n09f3\nXSVEGUa5B4dqhuzSCGAN7v/MRHcrP+N0QjP9mdngftFehxWwyQKCAQEA+9ksq8lJ\nu2KgVqAiy04ZSMMTZGXLw6ub1739jPJHs0UPY0CVTBl3T62jU2JI8n7DDIEY4m9M\nc7hkI8H2B2VTv0cqr8IgPvs9Omz5wO357AZgSoP2Jo0BAuYs/ZGUchDtBAU7EKJ2\nCUnPVFMD4fmwPQBeIJUXeuC8sTku6ZJmr0CQvdSlMgPOndP4jtfscOYtmfYQIbP8\nBvMPKR0wWIgh/VzSNJ9SZLfoQ4yg/WJIZ34VzYQp9E9GupasRPHXvMI53dRcSJFA\nPnxocYpAiO9o8PP4w3I7qYE/r4glNQvNE4kmjNfWe2mZjZRMLua3EqLvJRduzPCZ\n1Um2DeO0dXz76wKCAQEA+gH+TVJGUxovtkhf5vNt6YOq4gZcpGyYy0zouxoYpII2\nzI/mlMxC0+KDdUehZS+zczFdaWLCtBSBBvPd1Q4Ahqq7HXGxVZcEb5f/7E2HpZ/w\nn2R6IfnzHZHQ3jv69+ap4u0gnBbWvRc8RiurIjs83o0RWEPeyNhqLOnLaVm9gxXR\nqd7WJRIYqfC9FH9an4cggwma0mWtFwqQJwCHv6wdxJwWSw+YVxMBuvAzwWWKaTzE\nDe3GmNjlDkUfmEWJI37Nu7lyFXyS4K3/fZer8cPxfwX5hSXWdf+EINZSt3uNdPNF\nucg2I/nbrklF4G8uuuh57T99PapoWNNM6W1LeirBLwKCAQEAhjAt7A4hGhWvxtgm\nEds3/5vpLjpK+qPqMmaJvVquN2eZjlGv+s8q0ip7dodMxOAjvvreLnAM9S+PM7o6\nA7DKkYUyylkN42DsO8AqxtBFtKulDK8JLXs9ybSoziaOSMSZ9OVwlilp6QMJ1C0z\nSWlHrQkQHh4yV4d9IpSMWWlnCwPE21B9AIwkv9Vcf4eu9GzAaWNBLyP+KhnBvy9N\nPi6ypZOacO1e8klHGQ7KDJgcagA1T76WuBSxY+O6QDX3tBxsxrRKw2OZLnINGEoI\nnq2pZZEov8KS5Xr3WuiYoo36I+mUv8CVCEa4yUX13ZuSefyUnVfB8rJT1OAkf3wO\n//arJwKCAQBF0VSxRy64enGkmCWgG48wTULliB1LFcC91aaQycLj/jFLg0xDdZ+c\nCH/puq1J0r5shvatPZVeMPOve18R5q0i7n7+xAdf/aKRf4NK/IPLLxVFjgvFfUX1\nlgkcZue5X0NGSi53KLGjcN+2QO+zyZNAG2kimyGWOUm9bTUPIK6Z8vfwVni7NYiJ\nvN8w4DfwoQ3lSkNgSmDCNIL5QV6nmmtdwrE/GQXUG0y6ZeYuNisnJH8j3Kk/eiLN\nj2Q5ZAHeVcUijbFcasOh1zWoXzj3dV71uDdshZqUrVy6xt+muexRIrbwIQdtmJNO\n4suO173XGKEkLjzNgc9OLwQllA4l+dalAoIBAQCQioqbmhXB2G5mR8I3EDgNrMeZ\nRCczkMCIg/CbTVfU5p+8mpxzfENFi4g+cvvGx04YsNORG70cKYedge9gQhXezXMG\n0cOTTmTNsSGGrp1ySKtcOdFtCGJNfNYLeBJXrVaf85ivPfnY/1YEocaA0IDf5vRX\nm9PtBmFOZpPInw/svHQx2Rnu/PNxtFu6kthxiCHLZSxbgvCOIbNEOc4eyg3HvJQ5\nRnc4zfAslUvp/Wy5nTLcWsvHS5qqJwAaOvB4clBQEdsfW8sEGIwuUir+qQ5Gg7qG\noJ4VdQRPXsAMdpqk4QCGLIFBqBs4jNpkBhhofYaJbzbdQ5QQvpkk/9Qn3Fbq\n-----END RSA PRIVATE KEY-----\n",
      "type": "string",
      "sensitive": true
    }
  },
  "resources": [
    {
      "mode": "managed",
      "type": "azurerm_linux_virtual_machine",
      "name": "DevOpsvm",
      "provider": "provider[\"registry.terraform.io/hashicorp/azurerm\"]",
      "instances": [
        {
          "schema_version": 0,
          "attributes": {
            "additional_capabilities": [],
            "admin_password": null,
            "admin_ssh_key": [
              {
                "public_key": "ssh-rsa AAAAB3NzaC1yc2EAAAADAQABAAACAQD19AumetNrHSj9hymuoXrAy3Us+aLmWTlHRJn/bxMiIBjZ3Muy8k7UAmXQVDDGMBEcOjPtNRKV3BvsmcuIzHpiua1hdn8/3TxfD9MhlBnhN6E7p0zDesYR/jex7N/NqRc+Egfh5yKWytKRt8u6NnDqEVqxN/4oiPqCaLCj/mWfeK6XzYxK3c9C4lTtTBD9aS5sIPBjm6/cXe+JlcRKuZrbL5unFc+FKPJe6QGG0GdK21mTaK0/FcJ1oqinx2Jm4lpSD0L6w0wcBlWj3IZ4AriHkO2xFXWeamB5KbdYA/yGdIoH+iIWoKZRWxjdhUpo8KNYgvAjhbws0ess9qCaHd2NPqMyFGQeJ4zien8AmuTt5BnYeuBRH8po9Q2FBFPe+n5lk/WTS1klRSp9LXP0EvB1SbZLruLbMXFe5g1E0+dEY68JPFeV6zJq7FYQgXxlG3DTs+yQHFg8pEDIamRDmIGIcDQII+jh/+vJCRAzFUS43JeB6MvtYZV2xRljkhXzqCZPnb4bkrUtju2U7pCHlaeLM98BPKR81rzzDOSqHfmQkeULDxYsIbI5D44TvyOP2rioVgD0ov5HJCM3KaonKS5H9K0H1UZlYYFM0qVMKHt9Pjwfyv65XxCgTnPuK2b4DrnOva/IxmeBPMr4ulT/6C7xD8+Jb4kfN7TwlI4dHmxrJQ==\n",
                "username": "azureuser"
              }
            ],
            "admin_username": "azureuser",
            "allow_extension_operations": true,
            "availability_set_id": "",
            "boot_diagnostics": [
              {
                "storage_account_uri": "https://diag81bb59d4527aae19.blob.core.windows.net/"
              }
            ],
            "computer_name": "VmPjt",
            "custom_data": null,
            "dedicated_host_group_id": "",
            "dedicated_host_id": "",
            "disable_password_authentication": true,
            "encryption_at_host_enabled": false,
            "eviction_policy": "",
            "extensions_time_budget": "PT1H30M",
            "id": "/subscriptions/5f1b754b-016a-47c6-bb21-522f85465914/resourceGroups/RessourcesDevOps/providers/Microsoft.Compute/virtualMachines/VmPjt",
            "identity": [],
            "license_type": "",
            "location": "francecentral",
            "max_bid_price": -1,
            "name": "VmPjt",
            "network_interface_ids": [
              "/subscriptions/5f1b754b-016a-47c6-bb21-522f85465914/resourceGroups/RessourcesDevOps/providers/Microsoft.Network/networkInterfaces/myNIC"
            ],
            "os_disk": [
              {
                "caching": "ReadWrite",
                "diff_disk_settings": [],
                "disk_encryption_set_id": "",
                "disk_size_gb": 30,
                "name": "myOsDisk",
                "storage_account_type": "Premium_LRS",
                "write_accelerator_enabled": false
              }
            ],
            "patch_mode": "ImageDefault",
            "plan": [],
            "platform_fault_domain": -1,
            "priority": "Regular",
            "private_ip_address": "10.0.1.10",
            "private_ip_addresses": [
              "10.0.1.10"
            ],
            "provision_vm_agent": true,
            "proximity_placement_group_id": "",
            "public_ip_address": "20.111.46.67",
            "public_ip_addresses": [
              "20.111.46.67"
            ],
            "resource_group_name": "RessourcesDevOps",
            "secret": [],
            "secure_boot_enabled": false,
            "size": "Standard_DS1_v2",
            "source_image_id": "",
            "source_image_reference": [
              {
                "offer": "UbuntuServer",
                "publisher": "Canonical",
                "sku": "18.04-LTS",
                "version": "latest"
              }
            ],
            "tags": {
              "environment": "pjtDevOps"
            },
            "timeouts": null,
            "user_data": "",
            "virtual_machine_id": "7f718c94-654e-4063-8e54-456fc2d3b0a5",
            "virtual_machine_scale_set_id": "",
            "vtpm_enabled": false,
            "zone": ""
          },
          "sensitive_attributes": [],
          "private": "eyJlMmJmYjczMC1lY2FhLTExZTYtOGY4OC0zNDM2M2JjN2M0YzAiOnsiY3JlYXRlIjoyNzAwMDAwMDAwMDAwLCJkZWxldGUiOjI3MDAwMDAwMDAwMDAsInJlYWQiOjMwMDAwMDAwMDAwMCwidXBkYXRlIjoyNzAwMDAwMDAwMDAwfX0=",
          "dependencies": [
            "azurerm_network_interface.DevOpsnic",
            "azurerm_public_ip.DevOpspublicip",
            "azurerm_resource_group.DevOpsgroup",
            "azurerm_storage_account.mystorageaccount",
            "azurerm_subnet.DevOpssubnet",
            "azurerm_virtual_network.DevOpsnetwork",
            "random_id.randomId",
            "tls_private_key.example_ssh"
          ]
        }
      ]
    },
    {
      "mode": "managed",
      "type": "azurerm_linux_virtual_machine",
      "name": "DevOpsvm2",
      "provider": "provider[\"registry.terraform.io/hashicorp/azurerm\"]",
      "instances": [
        {
          "schema_version": 0,
          "attributes": {
            "additional_capabilities": [],
            "admin_password": null,
            "admin_ssh_key": [
              {
                "public_key": "ssh-rsa AAAAB3NzaC1yc2EAAAADAQABAAACAQD19AumetNrHSj9hymuoXrAy3Us+aLmWTlHRJn/bxMiIBjZ3Muy8k7UAmXQVDDGMBEcOjPtNRKV3BvsmcuIzHpiua1hdn8/3TxfD9MhlBnhN6E7p0zDesYR/jex7N/NqRc+Egfh5yKWytKRt8u6NnDqEVqxN/4oiPqCaLCj/mWfeK6XzYxK3c9C4lTtTBD9aS5sIPBjm6/cXe+JlcRKuZrbL5unFc+FKPJe6QGG0GdK21mTaK0/FcJ1oqinx2Jm4lpSD0L6w0wcBlWj3IZ4AriHkO2xFXWeamB5KbdYA/yGdIoH+iIWoKZRWxjdhUpo8KNYgvAjhbws0ess9qCaHd2NPqMyFGQeJ4zien8AmuTt5BnYeuBRH8po9Q2FBFPe+n5lk/WTS1klRSp9LXP0EvB1SbZLruLbMXFe5g1E0+dEY68JPFeV6zJq7FYQgXxlG3DTs+yQHFg8pEDIamRDmIGIcDQII+jh/+vJCRAzFUS43JeB6MvtYZV2xRljkhXzqCZPnb4bkrUtju2U7pCHlaeLM98BPKR81rzzDOSqHfmQkeULDxYsIbI5D44TvyOP2rioVgD0ov5HJCM3KaonKS5H9K0H1UZlYYFM0qVMKHt9Pjwfyv65XxCgTnPuK2b4DrnOva/IxmeBPMr4ulT/6C7xD8+Jb4kfN7TwlI4dHmxrJQ==\n",
                "username": "azureuser"
              }
            ],
            "admin_username": "azureuser",
            "allow_extension_operations": true,
            "availability_set_id": "",
            "boot_diagnostics": [
              {
                "storage_account_uri": "https://diag81bb59d4527aae19.blob.core.windows.net/"
              }
            ],
            "computer_name": "VmPjt2",
            "custom_data": null,
            "dedicated_host_group_id": "",
            "dedicated_host_id": "",
            "disable_password_authentication": true,
            "encryption_at_host_enabled": false,
            "eviction_policy": "",
            "extensions_time_budget": "PT1H30M",
            "id": "/subscriptions/5f1b754b-016a-47c6-bb21-522f85465914/resourceGroups/RessourcesDevOps/providers/Microsoft.Compute/virtualMachines/VmPjt2",
            "identity": [],
            "license_type": "",
            "location": "francecentral",
            "max_bid_price": -1,
            "name": "VmPjt2",
            "network_interface_ids": [
              "/subscriptions/5f1b754b-016a-47c6-bb21-522f85465914/resourceGroups/RessourcesDevOps/providers/Microsoft.Network/networkInterfaces/myNIC2"
            ],
            "os_disk": [
              {
                "caching": "ReadWrite",
                "diff_disk_settings": [],
                "disk_encryption_set_id": "",
                "disk_size_gb": 30,
                "name": "myOsDisk2",
                "storage_account_type": "Premium_LRS",
                "write_accelerator_enabled": false
              }
            ],
            "patch_mode": "ImageDefault",
            "plan": [],
            "platform_fault_domain": -1,
            "priority": "Regular",
            "private_ip_address": "10.0.1.11",
            "private_ip_addresses": [
              "10.0.1.11"
            ],
            "provision_vm_agent": true,
            "proximity_placement_group_id": "",
            "public_ip_address": "20.111.46.75",
            "public_ip_addresses": [
              "20.111.46.75"
            ],
            "resource_group_name": "RessourcesDevOps",
            "secret": [],
            "secure_boot_enabled": false,
            "size": "Standard_DS1_v2",
            "source_image_id": "",
            "source_image_reference": [
              {
                "offer": "UbuntuServer",
                "publisher": "Canonical",
                "sku": "18.04-LTS",
                "version": "latest"
              }
            ],
            "tags": {
              "environment": "pjtDevOps"
            },
            "timeouts": null,
            "user_data": "",
            "virtual_machine_id": "9dc88937-3588-4289-bbaa-5e3132d3e829",
            "virtual_machine_scale_set_id": "",
            "vtpm_enabled": false,
            "zone": ""
          },
          "sensitive_attributes": [],
          "private": "eyJlMmJmYjczMC1lY2FhLTExZTYtOGY4OC0zNDM2M2JjN2M0YzAiOnsiY3JlYXRlIjoyNzAwMDAwMDAwMDAwLCJkZWxldGUiOjI3MDAwMDAwMDAwMDAsInJlYWQiOjMwMDAwMDAwMDAwMCwidXBkYXRlIjoyNzAwMDAwMDAwMDAwfX0=",
          "dependencies": [
            "azurerm_network_interface.DevOpsnic2",
            "azurerm_public_ip.DevOpspublicip2",
            "azurerm_resource_group.DevOpsgroup",
            "azurerm_storage_account.mystorageaccount",
            "azurerm_subnet.DevOpssubnet",
            "azurerm_virtual_network.DevOpsnetwork",
            "random_id.randomId",
            "tls_private_key.example_ssh"
          ]
        }
      ]
    },
    {
      "mode": "managed",
      "type": "azurerm_linux_virtual_machine",
      "name": "DevOpsvm3",
      "provider": "provider[\"registry.terraform.io/hashicorp/azurerm\"]",
      "instances": [
        {
          "schema_version": 0,
          "attributes": {
            "additional_capabilities": [],
            "admin_password": null,
            "admin_ssh_key": [
              {
                "public_key": "ssh-rsa AAAAB3NzaC1yc2EAAAADAQABAAACAQD19AumetNrHSj9hymuoXrAy3Us+aLmWTlHRJn/bxMiIBjZ3Muy8k7UAmXQVDDGMBEcOjPtNRKV3BvsmcuIzHpiua1hdn8/3TxfD9MhlBnhN6E7p0zDesYR/jex7N/NqRc+Egfh5yKWytKRt8u6NnDqEVqxN/4oiPqCaLCj/mWfeK6XzYxK3c9C4lTtTBD9aS5sIPBjm6/cXe+JlcRKuZrbL5unFc+FKPJe6QGG0GdK21mTaK0/FcJ1oqinx2Jm4lpSD0L6w0wcBlWj3IZ4AriHkO2xFXWeamB5KbdYA/yGdIoH+iIWoKZRWxjdhUpo8KNYgvAjhbws0ess9qCaHd2NPqMyFGQeJ4zien8AmuTt5BnYeuBRH8po9Q2FBFPe+n5lk/WTS1klRSp9LXP0EvB1SbZLruLbMXFe5g1E0+dEY68JPFeV6zJq7FYQgXxlG3DTs+yQHFg8pEDIamRDmIGIcDQII+jh/+vJCRAzFUS43JeB6MvtYZV2xRljkhXzqCZPnb4bkrUtju2U7pCHlaeLM98BPKR81rzzDOSqHfmQkeULDxYsIbI5D44TvyOP2rioVgD0ov5HJCM3KaonKS5H9K0H1UZlYYFM0qVMKHt9Pjwfyv65XxCgTnPuK2b4DrnOva/IxmeBPMr4ulT/6C7xD8+Jb4kfN7TwlI4dHmxrJQ==\n",
                "username": "azureuser"
              }
            ],
            "admin_username": "azureuser",
            "allow_extension_operations": true,
            "availability_set_id": "",
            "boot_diagnostics": [
              {
                "storage_account_uri": "https://diag81bb59d4527aae19.blob.core.windows.net/"
              }
            ],
            "computer_name": "LoadBalancer",
            "custom_data": null,
            "dedicated_host_group_id": "",
            "dedicated_host_id": "",
            "disable_password_authentication": true,
            "encryption_at_host_enabled": false,
            "eviction_policy": "",
            "extensions_time_budget": "PT1H30M",
            "id": "/subscriptions/5f1b754b-016a-47c6-bb21-522f85465914/resourceGroups/RessourcesDevOps/providers/Microsoft.Compute/virtualMachines/VmPjt3",
            "identity": [],
            "license_type": "",
            "location": "francecentral",
            "max_bid_price": -1,
            "name": "VmPjt3",
            "network_interface_ids": [
              "/subscriptions/5f1b754b-016a-47c6-bb21-522f85465914/resourceGroups/RessourcesDevOps/providers/Microsoft.Network/networkInterfaces/myNIC3"
            ],
            "os_disk": [
              {
                "caching": "ReadWrite",
                "diff_disk_settings": [],
                "disk_encryption_set_id": "",
                "disk_size_gb": 30,
                "name": "myOsDisk3",
                "storage_account_type": "Premium_LRS",
                "write_accelerator_enabled": false
              }
            ],
            "patch_mode": "ImageDefault",
            "plan": [],
            "platform_fault_domain": -1,
            "priority": "Regular",
            "private_ip_address": "10.0.1.12",
            "private_ip_addresses": [
              "10.0.1.12"
            ],
            "provision_vm_agent": true,
            "proximity_placement_group_id": "",
            "public_ip_address": "20.111.46.70",
            "public_ip_addresses": [
              "20.111.46.70"
            ],
            "resource_group_name": "RessourcesDevOps",
            "secret": [],
            "secure_boot_enabled": false,
            "size": "Standard_DS1_v2",
            "source_image_id": "",
            "source_image_reference": [
              {
                "offer": "UbuntuServer",
                "publisher": "Canonical",
                "sku": "18.04-LTS",
                "version": "latest"
              }
            ],
            "tags": {
              "environment": "pjtDevOps"
            },
            "timeouts": null,
            "user_data": "",
            "virtual_machine_id": "db75b8db-235e-42a8-98d6-7ab24a853aed",
            "virtual_machine_scale_set_id": "",
            "vtpm_enabled": false,
            "zone": ""
          },
          "sensitive_attributes": [],
          "private": "eyJlMmJmYjczMC1lY2FhLTExZTYtOGY4OC0zNDM2M2JjN2M0YzAiOnsiY3JlYXRlIjoyNzAwMDAwMDAwMDAwLCJkZWxldGUiOjI3MDAwMDAwMDAwMDAsInJlYWQiOjMwMDAwMDAwMDAwMCwidXBkYXRlIjoyNzAwMDAwMDAwMDAwfX0=",
          "dependencies": [
            "azurerm_network_interface.DevOpsnic3",
            "azurerm_public_ip.DevOpspublicip3",
            "azurerm_resource_group.DevOpsgroup",
            "azurerm_storage_account.mystorageaccount",
            "azurerm_subnet.DevOpssubnet",
            "azurerm_virtual_network.DevOpsnetwork",
            "random_id.randomId",
            "tls_private_key.example_ssh"
          ]
        }
      ]
    },
    {
      "mode": "managed",
      "type": "azurerm_network_interface",
      "name": "DevOpsnic",
      "provider": "provider[\"registry.terraform.io/hashicorp/azurerm\"]",
      "instances": [
        {
          "schema_version": 0,
          "attributes": {
            "applied_dns_servers": [],
            "dns_servers": [],
            "enable_accelerated_networking": false,
            "enable_ip_forwarding": false,
            "id": "/subscriptions/5f1b754b-016a-47c6-bb21-522f85465914/resourceGroups/RessourcesDevOps/providers/Microsoft.Network/networkInterfaces/myNIC",
            "internal_dns_name_label": "",
            "internal_domain_name_suffix": "lcvtpbls55retkzougph4fdz2d.parx.internal.cloudapp.net",
            "ip_configuration": [
              {
                "gateway_load_balancer_frontend_ip_configuration_id": "",
                "name": "myNicConfiguration",
                "primary": true,
                "private_ip_address": "10.0.1.10",
                "private_ip_address_allocation": "Static",
                "private_ip_address_version": "IPv4",
                "public_ip_address_id": "/subscriptions/5f1b754b-016a-47c6-bb21-522f85465914/resourceGroups/RessourcesDevOps/providers/Microsoft.Network/publicIPAddresses/myPublicIP",
                "subnet_id": "/subscriptions/5f1b754b-016a-47c6-bb21-522f85465914/resourceGroups/RessourcesDevOps/providers/Microsoft.Network/virtualNetworks/DevOpsnet/subnets/DevOpsSubnet"
              }
            ],
            "location": "francecentral",
            "mac_address": "",
            "name": "myNIC",
            "private_ip_address": "10.0.1.10",
            "private_ip_addresses": [
              "10.0.1.10"
            ],
            "resource_group_name": "RessourcesDevOps",
            "tags": {
              "environment": "pjtDevOps"
            },
            "timeouts": null,
            "virtual_machine_id": ""
          },
          "sensitive_attributes": [],
          "private": "eyJlMmJmYjczMC1lY2FhLTExZTYtOGY4OC0zNDM2M2JjN2M0YzAiOnsiY3JlYXRlIjoxODAwMDAwMDAwMDAwLCJkZWxldGUiOjE4MDAwMDAwMDAwMDAsInJlYWQiOjMwMDAwMDAwMDAwMCwidXBkYXRlIjoxODAwMDAwMDAwMDAwfX0=",
          "dependencies": [
            "azurerm_public_ip.DevOpspublicip",
            "azurerm_resource_group.DevOpsgroup",
            "azurerm_subnet.DevOpssubnet",
            "azurerm_virtual_network.DevOpsnetwork"
          ]
        }
      ]
    },
    {
      "mode": "managed",
      "type": "azurerm_network_interface",
      "name": "DevOpsnic2",
      "provider": "provider[\"registry.terraform.io/hashicorp/azurerm\"]",
      "instances": [
        {
          "schema_version": 0,
          "attributes": {
            "applied_dns_servers": [],
            "dns_servers": [],
            "enable_accelerated_networking": false,
            "enable_ip_forwarding": false,
            "id": "/subscriptions/5f1b754b-016a-47c6-bb21-522f85465914/resourceGroups/RessourcesDevOps/providers/Microsoft.Network/networkInterfaces/myNIC2",
            "internal_dns_name_label": "",
            "internal_domain_name_suffix": "lcvtpbls55retkzougph4fdz2d.parx.internal.cloudapp.net",
            "ip_configuration": [
              {
                "gateway_load_balancer_frontend_ip_configuration_id": "",
                "name": "myNicConfiguration2",
                "primary": true,
                "private_ip_address": "10.0.1.11",
                "private_ip_address_allocation": "Static",
                "private_ip_address_version": "IPv4",
                "public_ip_address_id": "/subscriptions/5f1b754b-016a-47c6-bb21-522f85465914/resourceGroups/RessourcesDevOps/providers/Microsoft.Network/publicIPAddresses/myPublicIP2",
                "subnet_id": "/subscriptions/5f1b754b-016a-47c6-bb21-522f85465914/resourceGroups/RessourcesDevOps/providers/Microsoft.Network/virtualNetworks/DevOpsnet/subnets/DevOpsSubnet"
              }
            ],
            "location": "francecentral",
            "mac_address": "",
            "name": "myNIC2",
            "private_ip_address": "10.0.1.11",
            "private_ip_addresses": [
              "10.0.1.11"
            ],
            "resource_group_name": "RessourcesDevOps",
            "tags": {
              "environment": "pjtDevOps"
            },
            "timeouts": null,
            "virtual_machine_id": ""
          },
          "sensitive_attributes": [],
          "private": "eyJlMmJmYjczMC1lY2FhLTExZTYtOGY4OC0zNDM2M2JjN2M0YzAiOnsiY3JlYXRlIjoxODAwMDAwMDAwMDAwLCJkZWxldGUiOjE4MDAwMDAwMDAwMDAsInJlYWQiOjMwMDAwMDAwMDAwMCwidXBkYXRlIjoxODAwMDAwMDAwMDAwfX0=",
          "dependencies": [
            "azurerm_public_ip.DevOpspublicip2",
            "azurerm_resource_group.DevOpsgroup",
            "azurerm_subnet.DevOpssubnet",
            "azurerm_virtual_network.DevOpsnetwork"
          ]
        }
      ]
    },
    {
      "mode": "managed",
      "type": "azurerm_network_interface",
      "name": "DevOpsnic3",
      "provider": "provider[\"registry.terraform.io/hashicorp/azurerm\"]",
      "instances": [
        {
          "schema_version": 0,
          "attributes": {
            "applied_dns_servers": [],
            "dns_servers": [],
            "enable_accelerated_networking": false,
            "enable_ip_forwarding": false,
            "id": "/subscriptions/5f1b754b-016a-47c6-bb21-522f85465914/resourceGroups/RessourcesDevOps/providers/Microsoft.Network/networkInterfaces/myNIC3",
            "internal_dns_name_label": "",
            "internal_domain_name_suffix": "lcvtpbls55retkzougph4fdz2d.parx.internal.cloudapp.net",
            "ip_configuration": [
              {
                "gateway_load_balancer_frontend_ip_configuration_id": "",
                "name": "myNicConfiguration3",
                "primary": true,
                "private_ip_address": "10.0.1.12",
                "private_ip_address_allocation": "Static",
                "private_ip_address_version": "IPv4",
                "public_ip_address_id": "/subscriptions/5f1b754b-016a-47c6-bb21-522f85465914/resourceGroups/RessourcesDevOps/providers/Microsoft.Network/publicIPAddresses/myPublicIP3",
                "subnet_id": "/subscriptions/5f1b754b-016a-47c6-bb21-522f85465914/resourceGroups/RessourcesDevOps/providers/Microsoft.Network/virtualNetworks/DevOpsnet/subnets/DevOpsSubnet"
              }
            ],
            "location": "francecentral",
            "mac_address": "",
            "name": "myNIC3",
            "private_ip_address": "10.0.1.12",
            "private_ip_addresses": [
              "10.0.1.12"
            ],
            "resource_group_name": "RessourcesDevOps",
            "tags": {
              "environment": "pjtDevOps"
            },
            "timeouts": null,
            "virtual_machine_id": ""
          },
          "sensitive_attributes": [],
          "private": "eyJlMmJmYjczMC1lY2FhLTExZTYtOGY4OC0zNDM2M2JjN2M0YzAiOnsiY3JlYXRlIjoxODAwMDAwMDAwMDAwLCJkZWxldGUiOjE4MDAwMDAwMDAwMDAsInJlYWQiOjMwMDAwMDAwMDAwMCwidXBkYXRlIjoxODAwMDAwMDAwMDAwfX0=",
          "dependencies": [
            "azurerm_public_ip.DevOpspublicip3",
            "azurerm_resource_group.DevOpsgroup",
            "azurerm_subnet.DevOpssubnet",
            "azurerm_virtual_network.DevOpsnetwork"
          ]
        }
      ]
    },
    {
      "mode": "managed",
      "type": "azurerm_network_interface_security_group_association",
      "name": "example",
      "provider": "provider[\"registry.terraform.io/hashicorp/azurerm\"]",
      "instances": [
        {
          "schema_version": 0,
          "attributes": {
            "id": "/subscriptions/5f1b754b-016a-47c6-bb21-522f85465914/resourceGroups/RessourcesDevOps/providers/Microsoft.Network/networkInterfaces/myNIC|/subscriptions/5f1b754b-016a-47c6-bb21-522f85465914/resourceGroups/RessourcesDevOps/providers/Microsoft.Network/networkSecurityGroups/SecurityGroupPjtDevops",
            "network_interface_id": "/subscriptions/5f1b754b-016a-47c6-bb21-522f85465914/resourceGroups/RessourcesDevOps/providers/Microsoft.Network/networkInterfaces/myNIC",
            "network_security_group_id": "/subscriptions/5f1b754b-016a-47c6-bb21-522f85465914/resourceGroups/RessourcesDevOps/providers/Microsoft.Network/networkSecurityGroups/SecurityGroupPjtDevops",
            "timeouts": null
          },
          "sensitive_attributes": [],
          "private": "eyJlMmJmYjczMC1lY2FhLTExZTYtOGY4OC0zNDM2M2JjN2M0YzAiOnsiY3JlYXRlIjoxODAwMDAwMDAwMDAwLCJkZWxldGUiOjE4MDAwMDAwMDAwMDAsInJlYWQiOjMwMDAwMDAwMDAwMCwidXBkYXRlIjoxODAwMDAwMDAwMDAwfX0=",
          "dependencies": [
            "azurerm_network_interface.DevOpsnic",
            "azurerm_network_security_group.DevOpsnsg",
            "azurerm_public_ip.DevOpspublicip",
            "azurerm_resource_group.DevOpsgroup",
            "azurerm_subnet.DevOpssubnet",
            "azurerm_virtual_network.DevOpsnetwork"
          ]
        }
      ]
    },
    {
      "mode": "managed",
      "type": "azurerm_network_interface_security_group_association",
      "name": "example2",
      "provider": "provider[\"registry.terraform.io/hashicorp/azurerm\"]",
      "instances": [
        {
          "schema_version": 0,
          "attributes": {
            "id": "/subscriptions/5f1b754b-016a-47c6-bb21-522f85465914/resourceGroups/RessourcesDevOps/providers/Microsoft.Network/networkInterfaces/myNIC2|/subscriptions/5f1b754b-016a-47c6-bb21-522f85465914/resourceGroups/RessourcesDevOps/providers/Microsoft.Network/networkSecurityGroups/SecurityGroupPjtDevops",
            "network_interface_id": "/subscriptions/5f1b754b-016a-47c6-bb21-522f85465914/resourceGroups/RessourcesDevOps/providers/Microsoft.Network/networkInterfaces/myNIC2",
            "network_security_group_id": "/subscriptions/5f1b754b-016a-47c6-bb21-522f85465914/resourceGroups/RessourcesDevOps/providers/Microsoft.Network/networkSecurityGroups/SecurityGroupPjtDevops",
            "timeouts": null
          },
          "sensitive_attributes": [],
          "private": "eyJlMmJmYjczMC1lY2FhLTExZTYtOGY4OC0zNDM2M2JjN2M0YzAiOnsiY3JlYXRlIjoxODAwMDAwMDAwMDAwLCJkZWxldGUiOjE4MDAwMDAwMDAwMDAsInJlYWQiOjMwMDAwMDAwMDAwMCwidXBkYXRlIjoxODAwMDAwMDAwMDAwfX0=",
          "dependencies": [
            "azurerm_network_interface.DevOpsnic2",
            "azurerm_network_security_group.DevOpsnsg",
            "azurerm_public_ip.DevOpspublicip2",
            "azurerm_resource_group.DevOpsgroup",
            "azurerm_subnet.DevOpssubnet",
            "azurerm_virtual_network.DevOpsnetwork"
          ]
        }
      ]
    },
    {
      "mode": "managed",
      "type": "azurerm_network_interface_security_group_association",
      "name": "example3",
      "provider": "provider[\"registry.terraform.io/hashicorp/azurerm\"]",
      "instances": [
        {
          "schema_version": 0,
          "attributes": {
            "id": "/subscriptions/5f1b754b-016a-47c6-bb21-522f85465914/resourceGroups/RessourcesDevOps/providers/Microsoft.Network/networkInterfaces/myNIC3|/subscriptions/5f1b754b-016a-47c6-bb21-522f85465914/resourceGroups/RessourcesDevOps/providers/Microsoft.Network/networkSecurityGroups/SecurityGroupPjtDevops",
            "network_interface_id": "/subscriptions/5f1b754b-016a-47c6-bb21-522f85465914/resourceGroups/RessourcesDevOps/providers/Microsoft.Network/networkInterfaces/myNIC3",
            "network_security_group_id": "/subscriptions/5f1b754b-016a-47c6-bb21-522f85465914/resourceGroups/RessourcesDevOps/providers/Microsoft.Network/networkSecurityGroups/SecurityGroupPjtDevops",
            "timeouts": null
          },
          "sensitive_attributes": [],
          "private": "eyJlMmJmYjczMC1lY2FhLTExZTYtOGY4OC0zNDM2M2JjN2M0YzAiOnsiY3JlYXRlIjoxODAwMDAwMDAwMDAwLCJkZWxldGUiOjE4MDAwMDAwMDAwMDAsInJlYWQiOjMwMDAwMDAwMDAwMCwidXBkYXRlIjoxODAwMDAwMDAwMDAwfX0=",
          "dependencies": [
            "azurerm_network_interface.DevOpsnic3",
            "azurerm_network_security_group.DevOpsnsg",
            "azurerm_public_ip.DevOpspublicip3",
            "azurerm_resource_group.DevOpsgroup",
            "azurerm_subnet.DevOpssubnet",
            "azurerm_virtual_network.DevOpsnetwork"
          ]
        }
      ]
    },
    {
      "mode": "managed",
      "type": "azurerm_network_security_group",
      "name": "DevOpsnsg",
      "provider": "provider[\"registry.terraform.io/hashicorp/azurerm\"]",
      "instances": [
        {
          "schema_version": 0,
          "attributes": {
            "id": "/subscriptions/5f1b754b-016a-47c6-bb21-522f85465914/resourceGroups/RessourcesDevOps/providers/Microsoft.Network/networkSecurityGroups/SecurityGroupPjtDevops",
            "location": "francecentral",
            "name": "SecurityGroupPjtDevops",
            "resource_group_name": "RessourcesDevOps",
            "security_rule": [
              {
                "access": "Allow",
                "description": "",
                "destination_address_prefix": "*",
                "destination_address_prefixes": [],
                "destination_application_security_group_ids": [],
                "destination_port_range": "22",
                "destination_port_ranges": [],
                "direction": "Inbound",
                "name": "SSH",
                "priority": 1001,
                "protocol": "Tcp",
                "source_address_prefix": "*",
                "source_address_prefixes": [],
                "source_application_security_group_ids": [],
                "source_port_range": "*",
                "source_port_ranges": []
              },
              {
                "access": "Allow",
                "description": "",
                "destination_address_prefix": "*",
                "destination_address_prefixes": [],
                "destination_application_security_group_ids": [],
                "destination_port_range": "80",
                "destination_port_ranges": [],
                "direction": "Inbound",
                "name": "TCP",
                "priority": 1002,
                "protocol": "Tcp",
                "source_address_prefix": "*",
                "source_address_prefixes": [],
                "source_application_security_group_ids": [],
                "source_port_range": "*",
                "source_port_ranges": []
              }
            ],
            "tags": {
              "environment": "pjtDevOps"
            },
            "timeouts": null
          },
          "sensitive_attributes": [],
          "private": "eyJlMmJmYjczMC1lY2FhLTExZTYtOGY4OC0zNDM2M2JjN2M0YzAiOnsiY3JlYXRlIjoxODAwMDAwMDAwMDAwLCJkZWxldGUiOjE4MDAwMDAwMDAwMDAsInJlYWQiOjMwMDAwMDAwMDAwMCwidXBkYXRlIjoxODAwMDAwMDAwMDAwfX0=",
          "dependencies": [
            "azurerm_resource_group.DevOpsgroup"
          ]
        }
      ]
    },
    {
      "mode": "managed",
      "type": "azurerm_public_ip",
      "name": "DevOpspublicip",
      "provider": "provider[\"registry.terraform.io/hashicorp/azurerm\"]",
      "instances": [
        {
          "schema_version": 0,
          "attributes": {
            "allocation_method": "Dynamic",
            "availability_zone": "No-Zone",
            "domain_name_label": null,
            "fqdn": null,
            "id": "/subscriptions/5f1b754b-016a-47c6-bb21-522f85465914/resourceGroups/RessourcesDevOps/providers/Microsoft.Network/publicIPAddresses/myPublicIP",
            "idle_timeout_in_minutes": 4,
            "ip_address": "",
            "ip_tags": null,
            "ip_version": "IPv4",
            "location": "francecentral",
            "name": "myPublicIP",
            "public_ip_prefix_id": null,
            "resource_group_name": "RessourcesDevOps",
            "reverse_fqdn": null,
            "sku": "Basic",
            "sku_tier": "Regional",
            "tags": {
              "environment": "pjtDevOps"
            },
            "timeouts": null,
            "zones": []
          },
          "sensitive_attributes": [],
          "private": "eyJlMmJmYjczMC1lY2FhLTExZTYtOGY4OC0zNDM2M2JjN2M0YzAiOnsiY3JlYXRlIjoxODAwMDAwMDAwMDAwLCJkZWxldGUiOjE4MDAwMDAwMDAwMDAsInJlYWQiOjMwMDAwMDAwMDAwMCwidXBkYXRlIjoxODAwMDAwMDAwMDAwfX0=",
          "dependencies": [
            "azurerm_resource_group.DevOpsgroup"
          ]
        }
      ]
    },
    {
      "mode": "managed",
      "type": "azurerm_public_ip",
      "name": "DevOpspublicip2",
      "provider": "provider[\"registry.terraform.io/hashicorp/azurerm\"]",
      "instances": [
        {
          "schema_version": 0,
          "attributes": {
            "allocation_method": "Dynamic",
            "availability_zone": "No-Zone",
            "domain_name_label": null,
            "fqdn": null,
            "id": "/subscriptions/5f1b754b-016a-47c6-bb21-522f85465914/resourceGroups/RessourcesDevOps/providers/Microsoft.Network/publicIPAddresses/myPublicIP2",
            "idle_timeout_in_minutes": 4,
            "ip_address": "",
            "ip_tags": null,
            "ip_version": "IPv4",
            "location": "francecentral",
            "name": "myPublicIP2",
            "public_ip_prefix_id": null,
            "resource_group_name": "RessourcesDevOps",
            "reverse_fqdn": null,
            "sku": "Basic",
            "sku_tier": "Regional",
            "tags": {
              "environment": "pjtDevOps"
            },
            "timeouts": null,
            "zones": []
          },
          "sensitive_attributes": [],
          "private": "eyJlMmJmYjczMC1lY2FhLTExZTYtOGY4OC0zNDM2M2JjN2M0YzAiOnsiY3JlYXRlIjoxODAwMDAwMDAwMDAwLCJkZWxldGUiOjE4MDAwMDAwMDAwMDAsInJlYWQiOjMwMDAwMDAwMDAwMCwidXBkYXRlIjoxODAwMDAwMDAwMDAwfX0=",
          "dependencies": [
            "azurerm_resource_group.DevOpsgroup"
          ]
        }
      ]
    },
    {
      "mode": "managed",
      "type": "azurerm_public_ip",
      "name": "DevOpspublicip3",
      "provider": "provider[\"registry.terraform.io/hashicorp/azurerm\"]",
      "instances": [
        {
          "schema_version": 0,
          "attributes": {
            "allocation_method": "Dynamic",
            "availability_zone": "No-Zone",
            "domain_name_label": null,
            "fqdn": null,
            "id": "/subscriptions/5f1b754b-016a-47c6-bb21-522f85465914/resourceGroups/RessourcesDevOps/providers/Microsoft.Network/publicIPAddresses/myPublicIP3",
            "idle_timeout_in_minutes": 4,
            "ip_address": "",
            "ip_tags": null,
            "ip_version": "IPv4",
            "location": "francecentral",
            "name": "myPublicIP3",
            "public_ip_prefix_id": null,
            "resource_group_name": "RessourcesDevOps",
            "reverse_fqdn": null,
            "sku": "Basic",
            "sku_tier": "Regional",
            "tags": {
              "environment": "pjtDevOps"
            },
            "timeouts": null,
            "zones": []
          },
          "sensitive_attributes": [],
          "private": "eyJlMmJmYjczMC1lY2FhLTExZTYtOGY4OC0zNDM2M2JjN2M0YzAiOnsiY3JlYXRlIjoxODAwMDAwMDAwMDAwLCJkZWxldGUiOjE4MDAwMDAwMDAwMDAsInJlYWQiOjMwMDAwMDAwMDAwMCwidXBkYXRlIjoxODAwMDAwMDAwMDAwfX0=",
          "dependencies": [
            "azurerm_resource_group.DevOpsgroup"
          ]
        }
      ]
    },
    {
      "mode": "managed",
      "type": "azurerm_resource_group",
      "name": "DevOpsgroup",
      "provider": "provider[\"registry.terraform.io/hashicorp/azurerm\"]",
      "instances": [
        {
          "schema_version": 0,
          "attributes": {
            "id": "/subscriptions/5f1b754b-016a-47c6-bb21-522f85465914/resourceGroups/RessourcesDevOps",
            "location": "francecentral",
            "name": "RessourcesDevOps",
            "tags": {
              "environment": "pjtDevOps"
            },
            "timeouts": null
          },
          "sensitive_attributes": [],
          "private": "eyJlMmJmYjczMC1lY2FhLTExZTYtOGY4OC0zNDM2M2JjN2M0YzAiOnsiY3JlYXRlIjo1NDAwMDAwMDAwMDAwLCJkZWxldGUiOjU0MDAwMDAwMDAwMDAsInJlYWQiOjMwMDAwMDAwMDAwMCwidXBkYXRlIjo1NDAwMDAwMDAwMDAwfX0="
        }
      ]
    },
    {
      "mode": "managed",
      "type": "azurerm_storage_account",
      "name": "mystorageaccount",
      "provider": "provider[\"registry.terraform.io/hashicorp/azurerm\"]",
      "instances": [
        {
          "schema_version": 2,
          "attributes": {
            "access_tier": "Hot",
            "account_kind": "StorageV2",
            "account_replication_type": "LRS",
            "account_tier": "Standard",
            "allow_blob_public_access": false,
            "azure_files_authentication": [],
            "blob_properties": [
              {
                "change_feed_enabled": false,
                "container_delete_retention_policy": [],
                "cors_rule": [],
                "default_service_version": "",
                "delete_retention_policy": [],
                "last_access_time_enabled": false,
                "versioning_enabled": false
              }
            ],
            "custom_domain": [],
            "enable_https_traffic_only": true,
            "id": "/subscriptions/5f1b754b-016a-47c6-bb21-522f85465914/resourceGroups/RessourcesDevOps/providers/Microsoft.Storage/storageAccounts/diag81bb59d4527aae19",
            "identity": [],
            "infrastructure_encryption_enabled": false,
            "is_hns_enabled": false,
            "large_file_share_enabled": null,
            "location": "francecentral",
            "min_tls_version": "TLS1_0",
            "name": "diag81bb59d4527aae19",
            "network_rules": [
              {
                "bypass": [
                  "AzureServices"
                ],
                "default_action": "Allow",
                "ip_rules": [],
                "private_link_access": [],
                "virtual_network_subnet_ids": []
              }
            ],
            "nfsv3_enabled": false,
            "primary_access_key": "WTR5yEolu1rJoVo7y3W2nlO1cJnipzJwUEbbKBiOr+75VA3SiEWIpcBRsFXqAeX0vQBNWmurAeQZ+AStgXsrkQ==",
            "primary_blob_connection_string": "DefaultEndpointsProtocol=https;BlobEndpoint=https://diag81bb59d4527aae19.blob.core.windows.net/;AccountName=diag81bb59d4527aae19;AccountKey=WTR5yEolu1rJoVo7y3W2nlO1cJnipzJwUEbbKBiOr+75VA3SiEWIpcBRsFXqAeX0vQBNWmurAeQZ+AStgXsrkQ==",
            "primary_blob_endpoint": "https://diag81bb59d4527aae19.blob.core.windows.net/",
            "primary_blob_host": "diag81bb59d4527aae19.blob.core.windows.net",
            "primary_connection_string": "DefaultEndpointsProtocol=https;AccountName=diag81bb59d4527aae19;AccountKey=WTR5yEolu1rJoVo7y3W2nlO1cJnipzJwUEbbKBiOr+75VA3SiEWIpcBRsFXqAeX0vQBNWmurAeQZ+AStgXsrkQ==;EndpointSuffix=core.windows.net",
            "primary_dfs_endpoint": "https://diag81bb59d4527aae19.dfs.core.windows.net/",
            "primary_dfs_host": "diag81bb59d4527aae19.dfs.core.windows.net",
            "primary_file_endpoint": "https://diag81bb59d4527aae19.file.core.windows.net/",
            "primary_file_host": "diag81bb59d4527aae19.file.core.windows.net",
            "primary_location": "francecentral",
            "primary_queue_endpoint": "https://diag81bb59d4527aae19.queue.core.windows.net/",
            "primary_queue_host": "diag81bb59d4527aae19.queue.core.windows.net",
            "primary_table_endpoint": "https://diag81bb59d4527aae19.table.core.windows.net/",
            "primary_table_host": "diag81bb59d4527aae19.table.core.windows.net",
            "primary_web_endpoint": "https://diag81bb59d4527aae19.z28.web.core.windows.net/",
            "primary_web_host": "diag81bb59d4527aae19.z28.web.core.windows.net",
            "queue_encryption_key_type": "Service",
            "queue_properties": [
              {
                "cors_rule": [],
                "hour_metrics": [
                  {
                    "enabled": true,
                    "include_apis": true,
                    "retention_policy_days": 7,
                    "version": "1.0"
                  }
                ],
                "logging": [
                  {
                    "delete": false,
                    "read": false,
                    "retention_policy_days": 0,
                    "version": "1.0",
                    "write": false
                  }
                ],
                "minute_metrics": [
                  {
                    "enabled": false,
                    "include_apis": false,
                    "retention_policy_days": 0,
                    "version": "1.0"
                  }
                ]
              }
            ],
            "resource_group_name": "RessourcesDevOps",
            "routing": [],
            "secondary_access_key": "rdo/Byi7vwtBpCbFKSfTN6/absON6dC2u+hR4OzuHlCjIGBMg5STzSyGD1Mc89Q6Otiu/cc0VwVV+ASt9+INyw==",
            "secondary_blob_connection_string": "",
            "secondary_blob_endpoint": null,
            "secondary_blob_host": null,
            "secondary_connection_string": "DefaultEndpointsProtocol=https;AccountName=diag81bb59d4527aae19;AccountKey=rdo/Byi7vwtBpCbFKSfTN6/absON6dC2u+hR4OzuHlCjIGBMg5STzSyGD1Mc89Q6Otiu/cc0VwVV+ASt9+INyw==;EndpointSuffix=core.windows.net",
            "secondary_dfs_endpoint": null,
            "secondary_dfs_host": null,
            "secondary_file_endpoint": null,
            "secondary_file_host": null,
            "secondary_location": "",
            "secondary_queue_endpoint": null,
            "secondary_queue_host": null,
            "secondary_table_endpoint": null,
            "secondary_table_host": null,
            "secondary_web_endpoint": null,
            "secondary_web_host": null,
            "share_properties": [
              {
                "cors_rule": [],
                "retention_policy": [
                  {
                    "days": 7
                  }
                ],
                "smb": []
              }
            ],
            "shared_access_key_enabled": true,
            "static_website": [],
            "table_encryption_key_type": "Service",
            "tags": {
              "environment": "pjtDevOps"
            },
            "timeouts": null
          },
          "sensitive_attributes": [],
          "private": "eyJlMmJmYjczMC1lY2FhLTExZTYtOGY4OC0zNDM2M2JjN2M0YzAiOnsiY3JlYXRlIjozNjAwMDAwMDAwMDAwLCJkZWxldGUiOjM2MDAwMDAwMDAwMDAsInJlYWQiOjMwMDAwMDAwMDAwMCwidXBkYXRlIjozNjAwMDAwMDAwMDAwfSwic2NoZW1hX3ZlcnNpb24iOiIyIn0=",
          "dependencies": [
            "azurerm_resource_group.DevOpsgroup",
            "random_id.randomId"
          ]
        }
      ]
    },
    {
      "mode": "managed",
      "type": "azurerm_subnet",
      "name": "DevOpssubnet",
      "provider": "provider[\"registry.terraform.io/hashicorp/azurerm\"]",
      "instances": [
        {
          "schema_version": 0,
          "attributes": {
            "address_prefix": "10.0.1.0/24",
            "address_prefixes": [
              "10.0.1.0/24"
            ],
            "delegation": [],
            "enforce_private_link_endpoint_network_policies": false,
            "enforce_private_link_service_network_policies": false,
            "id": "/subscriptions/5f1b754b-016a-47c6-bb21-522f85465914/resourceGroups/RessourcesDevOps/providers/Microsoft.Network/virtualNetworks/DevOpsnet/subnets/DevOpsSubnet",
            "name": "DevOpsSubnet",
            "resource_group_name": "RessourcesDevOps",
            "service_endpoint_policy_ids": null,
            "service_endpoints": null,
            "timeouts": null,
            "virtual_network_name": "DevOpsnet"
          },
          "sensitive_attributes": [],
          "private": "eyJlMmJmYjczMC1lY2FhLTExZTYtOGY4OC0zNDM2M2JjN2M0YzAiOnsiY3JlYXRlIjoxODAwMDAwMDAwMDAwLCJkZWxldGUiOjE4MDAwMDAwMDAwMDAsInJlYWQiOjMwMDAwMDAwMDAwMCwidXBkYXRlIjoxODAwMDAwMDAwMDAwfX0=",
          "dependencies": [
            "azurerm_resource_group.DevOpsgroup",
            "azurerm_virtual_network.DevOpsnetwork"
          ]
        }
      ]
    },
    {
      "mode": "managed",
      "type": "azurerm_virtual_network",
      "name": "DevOpsnetwork",
      "provider": "provider[\"registry.terraform.io/hashicorp/azurerm\"]",
      "instances": [
        {
          "schema_version": 0,
          "attributes": {
            "address_space": [
              "10.0.0.0/16"
            ],
            "bgp_community": "",
            "ddos_protection_plan": [],
            "dns_servers": [],
            "flow_timeout_in_minutes": 0,
            "guid": "8537ab58-ff72-49e2-ab2e-a19e7f1479e3",
            "id": "/subscriptions/5f1b754b-016a-47c6-bb21-522f85465914/resourceGroups/RessourcesDevOps/providers/Microsoft.Network/virtualNetworks/DevOpsnet",
            "location": "francecentral",
            "name": "DevOpsnet",
            "resource_group_name": "RessourcesDevOps",
            "subnet": [],
            "tags": {
              "environment": "pjtDevOps"
            },
            "timeouts": null,
            "vm_protection_enabled": false
          },
          "sensitive_attributes": [],
          "private": "eyJlMmJmYjczMC1lY2FhLTExZTYtOGY4OC0zNDM2M2JjN2M0YzAiOnsiY3JlYXRlIjoxODAwMDAwMDAwMDAwLCJkZWxldGUiOjE4MDAwMDAwMDAwMDAsInJlYWQiOjMwMDAwMDAwMDAwMCwidXBkYXRlIjoxODAwMDAwMDAwMDAwfX0=",
          "dependencies": [
            "azurerm_resource_group.DevOpsgroup"
          ]
        }
      ]
    },
    {
      "mode": "managed",
      "type": "random_id",
      "name": "randomId",
      "provider": "provider[\"registry.terraform.io/hashicorp/random\"]",
      "instances": [
        {
          "schema_version": 0,
          "attributes": {
            "b64_std": "gbtZ1FJ6rhk=",
            "b64_url": "gbtZ1FJ6rhk",
            "byte_length": 8,
            "dec": "9348164219989306905",
            "hex": "81bb59d4527aae19",
            "id": "gbtZ1FJ6rhk",
            "keepers": {
              "resource_group": "RessourcesDevOps"
            },
            "prefix": null
          },
          "sensitive_attributes": [],
          "private": "bnVsbA==",
          "dependencies": [
            "azurerm_resource_group.DevOpsgroup"
          ]
        }
      ]
    },
    {
      "mode": "managed",
      "type": "tls_private_key",
      "name": "example_ssh",
      "provider": "provider[\"registry.terraform.io/hashicorp/tls\"]",
      "instances": [
        {
          "schema_version": 0,
          "attributes": {
            "algorithm": "RSA",
            "ecdsa_curve": "P224",
            "id": "41223c23a74be3182583eddaba4f34cfaabc3d42",
            "private_key_pem": "-----BEGIN RSA PRIVATE KEY-----\nMIIJKQIBAAKCAgEA9fQLpnrTax0o/YcprqF6wMt1LPmi5lk5R0SZ/28TIiAY2dzL\nsvJO1AJl0FQwxjARHDoz7TUSldwb7JnLiMx6YrmtYXZ/P908Xw/TIZQZ4TehO6dM\nw3rGEf43sezfzakXPhIH4ecilsrSkbfLujZw6hFasTf+KIj6gmiwo/5ln3iul82M\nSt3PQuJU7UwQ/WkubCDwY5uv3F3viZXESrma2y+bpxXPhSjyXukBhtBnSttZk2it\nPxXCdaKop8diZuJaUg9C+sNMHAZVo9yGeAK4h5DtsRV1nmpgeSm3WAP8hnSKB/oi\nFqCmUVsY3YVKaPCjWILwI4W8LNHrLPagmh3djT6jMhRkHieM4np/AJrk7eQZ2Hrg\nUR/KaPUNhQRT3vp+ZZP1k0tZJUUqfS1z9BLwdUm2S67i2zFxXuYNRNPnRGOvCTxX\nlesyauxWEIF8ZRtw07PskBxYPKRAyGpkQ5iBiHA0CCPo4f/ryQkQMxVEuNyXgejL\n7WGVdsUZY5IV86gmT52+G5K1LY7tlO6Qh5WnizPfATykfNa88wzkqh35kJHlCw8W\nLCGyOQ+OE78jj9q4qFYA9KL+RyQjNymqJykuR/StB9VGZWGBTNKlTCh7fT48H8r+\nuV8QoE5z7itm+A65zr2vyMZngTzK+LpU/+gu8Q/PiW+JHze08JSOHR5sayUCAwEA\nAQKCAgBt6D6EiIKNbRxyHsJLnTFjkgesr2lSEjD8XfWLJbGhIEK6qGYGcy0ypFem\n/thE2BntST0HFR5XBWMdGaTQXr+Z+ms2EGPQwCZIPKQWbz4ZXGiaZapx+B0m0TlG\nMxnXp2YRgLExC75zL/Nk1oMdlVJj5plmdCUJLBz1xZ6ZygbTenRatampkvEZbFaT\nK9izxRrPivChMmMl0HxIOTrcQZCnveCKi76OPLwCGZFrExn1Y4vlyXMRq8GYG7XO\nM9UPMLs3zEYcFMWgCFygut0EKAMZ4XO2HGbRAaxWuIOLu0xPMSi1Y9tzzRpFZLX5\n16RmvJHh7bEtzodGaA/1qcge1pW3tjBcrJ6BkUWTVpFXdmv+ahxxq1r1DxF9O+Cb\n2nsAZen7Bx9kFVe6WevEC4oVSy60ksWfx4MsCmsLUuJCQvH2LPPmL7YF+MfdaBsg\nXn0YsOxkAa5SIq90/h7uFUXXAqz12GYWkbQbtPkAqbYxFAbBAGRl1Mz4DMn0krsu\nUOF4Kade0zVwYPRNzWLAVbch0+cwgVYQEp6m+fnVi5hDcry33hIhZ3+2w7jXpkLU\nqm5UTXCzoiTiqHdjBikmE6V+YfxTM+UCIvqOsUJvShPc36V9mDoOaCVDO64n09f3\nXSVEGUa5B4dqhuzSCGAN7v/MRHcrP+N0QjP9mdngftFehxWwyQKCAQEA+9ksq8lJ\nu2KgVqAiy04ZSMMTZGXLw6ub1739jPJHs0UPY0CVTBl3T62jU2JI8n7DDIEY4m9M\nc7hkI8H2B2VTv0cqr8IgPvs9Omz5wO357AZgSoP2Jo0BAuYs/ZGUchDtBAU7EKJ2\nCUnPVFMD4fmwPQBeIJUXeuC8sTku6ZJmr0CQvdSlMgPOndP4jtfscOYtmfYQIbP8\nBvMPKR0wWIgh/VzSNJ9SZLfoQ4yg/WJIZ34VzYQp9E9GupasRPHXvMI53dRcSJFA\nPnxocYpAiO9o8PP4w3I7qYE/r4glNQvNE4kmjNfWe2mZjZRMLua3EqLvJRduzPCZ\n1Um2DeO0dXz76wKCAQEA+gH+TVJGUxovtkhf5vNt6YOq4gZcpGyYy0zouxoYpII2\nzI/mlMxC0+KDdUehZS+zczFdaWLCtBSBBvPd1Q4Ahqq7HXGxVZcEb5f/7E2HpZ/w\nn2R6IfnzHZHQ3jv69+ap4u0gnBbWvRc8RiurIjs83o0RWEPeyNhqLOnLaVm9gxXR\nqd7WJRIYqfC9FH9an4cggwma0mWtFwqQJwCHv6wdxJwWSw+YVxMBuvAzwWWKaTzE\nDe3GmNjlDkUfmEWJI37Nu7lyFXyS4K3/fZer8cPxfwX5hSXWdf+EINZSt3uNdPNF\nucg2I/nbrklF4G8uuuh57T99PapoWNNM6W1LeirBLwKCAQEAhjAt7A4hGhWvxtgm\nEds3/5vpLjpK+qPqMmaJvVquN2eZjlGv+s8q0ip7dodMxOAjvvreLnAM9S+PM7o6\nA7DKkYUyylkN42DsO8AqxtBFtKulDK8JLXs9ybSoziaOSMSZ9OVwlilp6QMJ1C0z\nSWlHrQkQHh4yV4d9IpSMWWlnCwPE21B9AIwkv9Vcf4eu9GzAaWNBLyP+KhnBvy9N\nPi6ypZOacO1e8klHGQ7KDJgcagA1T76WuBSxY+O6QDX3tBxsxrRKw2OZLnINGEoI\nnq2pZZEov8KS5Xr3WuiYoo36I+mUv8CVCEa4yUX13ZuSefyUnVfB8rJT1OAkf3wO\n//arJwKCAQBF0VSxRy64enGkmCWgG48wTULliB1LFcC91aaQycLj/jFLg0xDdZ+c\nCH/puq1J0r5shvatPZVeMPOve18R5q0i7n7+xAdf/aKRf4NK/IPLLxVFjgvFfUX1\nlgkcZue5X0NGSi53KLGjcN+2QO+zyZNAG2kimyGWOUm9bTUPIK6Z8vfwVni7NYiJ\nvN8w4DfwoQ3lSkNgSmDCNIL5QV6nmmtdwrE/GQXUG0y6ZeYuNisnJH8j3Kk/eiLN\nj2Q5ZAHeVcUijbFcasOh1zWoXzj3dV71uDdshZqUrVy6xt+muexRIrbwIQdtmJNO\n4suO173XGKEkLjzNgc9OLwQllA4l+dalAoIBAQCQioqbmhXB2G5mR8I3EDgNrMeZ\nRCczkMCIg/CbTVfU5p+8mpxzfENFi4g+cvvGx04YsNORG70cKYedge9gQhXezXMG\n0cOTTmTNsSGGrp1ySKtcOdFtCGJNfNYLeBJXrVaf85ivPfnY/1YEocaA0IDf5vRX\nm9PtBmFOZpPInw/svHQx2Rnu/PNxtFu6kthxiCHLZSxbgvCOIbNEOc4eyg3HvJQ5\nRnc4zfAslUvp/Wy5nTLcWsvHS5qqJwAaOvB4clBQEdsfW8sEGIwuUir+qQ5Gg7qG\noJ4VdQRPXsAMdpqk4QCGLIFBqBs4jNpkBhhofYaJbzbdQ5QQvpkk/9Qn3Fbq\n-----END RSA PRIVATE KEY-----\n",
            "public_key_fingerprint_md5": "0b:c5:96:1c:4f:1d:11:7a:35:96:f3:ee:83:d8:f0:7e",
            "public_key_openssh": "ssh-rsa AAAAB3NzaC1yc2EAAAADAQABAAACAQD19AumetNrHSj9hymuoXrAy3Us+aLmWTlHRJn/bxMiIBjZ3Muy8k7UAmXQVDDGMBEcOjPtNRKV3BvsmcuIzHpiua1hdn8/3TxfD9MhlBnhN6E7p0zDesYR/jex7N/NqRc+Egfh5yKWytKRt8u6NnDqEVqxN/4oiPqCaLCj/mWfeK6XzYxK3c9C4lTtTBD9aS5sIPBjm6/cXe+JlcRKuZrbL5unFc+FKPJe6QGG0GdK21mTaK0/FcJ1oqinx2Jm4lpSD0L6w0wcBlWj3IZ4AriHkO2xFXWeamB5KbdYA/yGdIoH+iIWoKZRWxjdhUpo8KNYgvAjhbws0ess9qCaHd2NPqMyFGQeJ4zien8AmuTt5BnYeuBRH8po9Q2FBFPe+n5lk/WTS1klRSp9LXP0EvB1SbZLruLbMXFe5g1E0+dEY68JPFeV6zJq7FYQgXxlG3DTs+yQHFg8pEDIamRDmIGIcDQII+jh/+vJCRAzFUS43JeB6MvtYZV2xRljkhXzqCZPnb4bkrUtju2U7pCHlaeLM98BPKR81rzzDOSqHfmQkeULDxYsIbI5D44TvyOP2rioVgD0ov5HJCM3KaonKS5H9K0H1UZlYYFM0qVMKHt9Pjwfyv65XxCgTnPuK2b4DrnOva/IxmeBPMr4ulT/6C7xD8+Jb4kfN7TwlI4dHmxrJQ==\n",
            "public_key_pem": "-----BEGIN PUBLIC KEY-----\nMIICIjANBgkqhkiG9w0BAQEFAAOCAg8AMIICCgKCAgEA9fQLpnrTax0o/YcprqF6\nwMt1LPmi5lk5R0SZ/28TIiAY2dzLsvJO1AJl0FQwxjARHDoz7TUSldwb7JnLiMx6\nYrmtYXZ/P908Xw/TIZQZ4TehO6dMw3rGEf43sezfzakXPhIH4ecilsrSkbfLujZw\n6hFasTf+KIj6gmiwo/5ln3iul82MSt3PQuJU7UwQ/WkubCDwY5uv3F3viZXESrma\n2y+bpxXPhSjyXukBhtBnSttZk2itPxXCdaKop8diZuJaUg9C+sNMHAZVo9yGeAK4\nh5DtsRV1nmpgeSm3WAP8hnSKB/oiFqCmUVsY3YVKaPCjWILwI4W8LNHrLPagmh3d\njT6jMhRkHieM4np/AJrk7eQZ2HrgUR/KaPUNhQRT3vp+ZZP1k0tZJUUqfS1z9BLw\ndUm2S67i2zFxXuYNRNPnRGOvCTxXlesyauxWEIF8ZRtw07PskBxYPKRAyGpkQ5iB\niHA0CCPo4f/ryQkQMxVEuNyXgejL7WGVdsUZY5IV86gmT52+G5K1LY7tlO6Qh5Wn\nizPfATykfNa88wzkqh35kJHlCw8WLCGyOQ+OE78jj9q4qFYA9KL+RyQjNymqJyku\nR/StB9VGZWGBTNKlTCh7fT48H8r+uV8QoE5z7itm+A65zr2vyMZngTzK+LpU/+gu\n8Q/PiW+JHze08JSOHR5sayUCAwEAAQ==\n-----END PUBLIC KEY-----\n",
            "rsa_bits": 4096
          },
          "sensitive_attributes": [],
          "private": "bnVsbA=="
        }
      ]
    }
  ]
}
